PODS:
  - AFNetworking (3.1.0):
    - AFNetworking/NSURLSession (= 3.1.0)
    - AFNetworking/Reachability (= 3.1.0)
    - AFNetworking/Security (= 3.1.0)
    - AFNetworking/Serialization (= 3.1.0)
    - AFNetworking/UIKit (= 3.1.0)
  - AFNetworking/NSURLSession (3.1.0):
    - AFNetworking/Reachability
    - AFNetworking/Security
    - AFNetworking/Serialization
  - AFNetworking/Reachability (3.1.0)
  - AFNetworking/Security (3.1.0)
  - AFNetworking/Serialization (3.1.0)
  - AFNetworking/UIKit (3.1.0):
    - AFNetworking/NSURLSession
  - DZNEmptyDataSet (1.8.1)
  - HTAutocompleteTextField (1.3.2)
  - IQDropDownTextField (1.1.0)
  - IQKeyboardManager (4.0.6)
  - KWTransition (0.0.4)
  - Lock (1.27.1):
    - Lock/Core (= 1.27.1)
    - Lock/UI (= 1.27.1)
    - Lock/WebView (= 1.27.1)
  - Lock/Core (1.27.1):
    - AFNetworking (~> 3.0)
  - Lock/CoreUI (1.27.1):
    - Lock/Core
    - Masonry (~> 0.6)
  - Lock/UI (1.27.1):
    - Lock/CoreUI
  - Lock/WebView (1.27.1):
    - Lock/CoreUI
  - Masonry (0.6.4)
  - PPHelpMe (1.0.2)
  - SDWebImage (3.8.2):
    - SDWebImage/Core (= 3.8.2)
  - SDWebImage/Core (3.8.2)
  - SimpleKeychain (0.7.0)
  - SVProgressHUD (2.0.3)
  - UITextView+Placeholder (1.2.0)
  - VLRJVFloatLabeledTextField (1.0.3):
    - HTAutocompleteTextField
  - VLRTextField (0.0.5):
    - PPHelpMe (~> 1.0.2)
    - VLRJVFloatLabeledTextField (~> 1.0.3)

DEPENDENCIES:
  - AFNetworking
  - DZNEmptyDataSet
  - IQDropDownTextField
  - IQKeyboardManager
  - KWTransition
  - Lock (~> 1.24)
  - SDWebImage
  - SimpleKeychain
  - SVProgressHUD
  - UITextView+Placeholder
  - VLRTextField

SPEC CHECKSUMS:
  AFNetworking: 5e0e199f73d8626b11e79750991f5d173d1f8b67
  DZNEmptyDataSet: 9525833b9e68ac21c30253e1d3d7076cc828eaa7
  HTAutocompleteTextField: ce809f04875e843e20f214ab973bb496ba7a93b1
  IQDropDownTextField: 614f79ca905529c992045eaa112d0fc9ebb875d1
  IQKeyboardManager: c52debb1967799ae7addb98eab0cf328083a874f
  KWTransition: 72d59eef35ddb67769eb99a41317fa75c0444e1b
  Lock: c8709bb9d798eb2824accd78170140faab1a3fc2
  Masonry: 281802d04d787ea2973179ee8bcb50500579ede2
  PPHelpMe: 243c40d2fad33ebdcc6b158c0db54893e0cc2d14
  SDWebImage: 098e97e6176540799c27e804c96653ee0833d13c
  SimpleKeychain: b50cef3b87939d480ea1143425c00f5b4b70fe21
  SVProgressHUD: b0830714205bea1317ea1a2ebc71e5633af334d4
  UITextView+Placeholder: 77680995fcdd07c3f52ec92fe1150874a2ac89ff
  VLRJVFloatLabeledTextField: 99a798b5a42a9e58b161453394b84358651d844e
  VLRTextField: 98c5ab15d1f1c928b160b60900d92ff5e48624d7

PODFILE CHECKSUM: 53846843c360652bdb08d3492a6e4abba6735b92

COCOAPODS: 1.2.0
