// !$*UTF8*$!
{
	archiveVersion = 1;
	classes = {
	};
	objectVersion = 48;
	objects = {

/* Begin PBXBuildFile section */
		06B3E2F72FFCE5FFCB4E7739 /* Pods_WolfBeaconTests.framework in Frameworks */ = {isa = PBXBuildFile; fileRef = D1DDDF85171ABA238A9414B6 /* Pods_WolfBeaconTests.framework */; };
		592015001FEA81760015A92D /* AppDelegate.swift in Sources */ = {isa = PBXBuildFile; fileRef = 592014FF1FEA81760015A92D /* AppDelegate.swift */; };
		592015021FEA81760015A92D /* ViewController.swift in Sources */ = {isa = PBXBuildFile; fileRef = 592015011FEA81760015A92D /* ViewController.swift */; };
		592015051FEA81760015A92D /* Main.storyboard in Resources */ = {isa = PBXBuildFile; fileRef = 592015031FEA81760015A92D /* Main.storyboard */; };
		592015071FEA81760015A92D /* Assets.xcassets in Resources */ = {isa = PBXBuildFile; fileRef = 592015061FEA81760015A92D /* Assets.xcassets */; };
		5920150A1FEA81760015A92D /* LaunchScreen.storyboard in Resources */ = {isa = PBXBuildFile; fileRef = 592015081FEA81760015A92D /* LaunchScreen.storyboard */; };
		592015151FEA81760015A92D /* WolfBeaconTests.swift in Sources */ = {isa = PBXBuildFile; fileRef = 592015141FEA81760015A92D /* WolfBeaconTests.swift */; };
		592015201FEA81760015A92D /* WolfBeaconUITests.swift in Sources */ = {isa = PBXBuildFile; fileRef = 5920151F1FEA81760015A92D /* WolfBeaconUITests.swift */; };
		C535AF62DB311FC6F92D0D8B /* Pods_WolfBeaconUITests.framework in Frameworks */ = {isa = PBXBuildFile; fileRef = 7B9FACF367D11A139C47ECCA /* Pods_WolfBeaconUITests.framework */; };
		EF7F784656F970FD7DFCC4A3 /* Pods_WolfBeacon.framework in Frameworks */ = {isa = PBXBuildFile; fileRef = E4C16CC308D2D836D8256220 /* Pods_WolfBeacon.framework */; };
/* End PBXBuildFile section */

/* Begin PBXContainerItemProxy section */
		592015111FEA81760015A92D /* PBXContainerItemProxy */ = {
			isa = PBXContainerItemProxy;
			containerPortal = 592014F41FEA81760015A92D /* Project object */;
			proxyType = 1;
			remoteGlobalIDString = 592014FB1FEA81760015A92D;
			remoteInfo = WolfBeacon;
		};
		5920151C1FEA81760015A92D /* PBXContainerItemProxy */ = {
			isa = PBXContainerItemProxy;
			containerPortal = 592014F41FEA81760015A92D /* Project object */;
			proxyType = 1;
			remoteGlobalIDString = 592014FB1FEA81760015A92D;
			remoteInfo = WolfBeacon;
		};
/* End PBXContainerItemProxy section */

/* Begin PBXFileReference section */
		082C42A9C3E9550102D926C6 /* Pods-WolfBeacon.release.xcconfig */ = {isa = PBXFileReference; includeInIndex = 1; lastKnownFileType = text.xcconfig; name = "Pods-WolfBeacon.release.xcconfig"; path = "Pods/Target Support Files/Pods-WolfBeacon/Pods-WolfBeacon.release.xcconfig"; sourceTree = "<group>"; };
		09E3E8DC0B8089DD08ADB88D /* Pods-WolfBeaconUITests.release.xcconfig */ = {isa = PBXFileReference; includeInIndex = 1; lastKnownFileType = text.xcconfig; name = "Pods-WolfBeaconUITests.release.xcconfig"; path = "Pods/Target Support Files/Pods-WolfBeaconUITests/Pods-WolfBeaconUITests.release.xcconfig"; sourceTree = "<group>"; };
		592014FC1FEA81760015A92D /* WolfBeacon.app */ = {isa = PBXFileReference; explicitFileType = wrapper.application; includeInIndex = 0; path = WolfBeacon.app; sourceTree = BUILT_PRODUCTS_DIR; };
		592014FF1FEA81760015A92D /* AppDelegate.swift */ = {isa = PBXFileReference; lastKnownFileType = sourcecode.swift; path = AppDelegate.swift; sourceTree = "<group>"; };
		592015011FEA81760015A92D /* ViewController.swift */ = {isa = PBXFileReference; lastKnownFileType = sourcecode.swift; path = ViewController.swift; sourceTree = "<group>"; };
		592015041FEA81760015A92D /* Base */ = {isa = PBXFileReference; lastKnownFileType = file.storyboard; name = Base; path = Base.lproj/Main.storyboard; sourceTree = "<group>"; };
		592015061FEA81760015A92D /* Assets.xcassets */ = {isa = PBXFileReference; lastKnownFileType = folder.assetcatalog; path = Assets.xcassets; sourceTree = "<group>"; };
		592015091FEA81760015A92D /* Base */ = {isa = PBXFileReference; lastKnownFileType = file.storyboard; name = Base; path = Base.lproj/LaunchScreen.storyboard; sourceTree = "<group>"; };
		5920150B1FEA81760015A92D /* Info.plist */ = {isa = PBXFileReference; lastKnownFileType = text.plist.xml; path = Info.plist; sourceTree = "<group>"; };
		592015101FEA81760015A92D /* WolfBeaconTests.xctest */ = {isa = PBXFileReference; explicitFileType = wrapper.cfbundle; includeInIndex = 0; path = WolfBeaconTests.xctest; sourceTree = BUILT_PRODUCTS_DIR; };
		592015141FEA81760015A92D /* WolfBeaconTests.swift */ = {isa = PBXFileReference; lastKnownFileType = sourcecode.swift; path = WolfBeaconTests.swift; sourceTree = "<group>"; };
		592015161FEA81760015A92D /* Info.plist */ = {isa = PBXFileReference; lastKnownFileType = text.plist.xml; path = Info.plist; sourceTree = "<group>"; };
		5920151B1FEA81760015A92D /* WolfBeaconUITests.xctest */ = {isa = PBXFileReference; explicitFileType = wrapper.cfbundle; includeInIndex = 0; path = WolfBeaconUITests.xctest; sourceTree = BUILT_PRODUCTS_DIR; };
		5920151F1FEA81760015A92D /* WolfBeaconUITests.swift */ = {isa = PBXFileReference; lastKnownFileType = sourcecode.swift; path = WolfBeaconUITests.swift; sourceTree = "<group>"; };
		592015211FEA81760015A92D /* Info.plist */ = {isa = PBXFileReference; lastKnownFileType = text.plist.xml; path = Info.plist; sourceTree = "<group>"; };
		7B9FACF367D11A139C47ECCA /* Pods_WolfBeaconUITests.framework */ = {isa = PBXFileReference; explicitFileType = wrapper.framework; includeInIndex = 0; path = Pods_WolfBeaconUITests.framework; sourceTree = BUILT_PRODUCTS_DIR; };
		97203B33C773841232211AD0 /* Pods-WolfBeaconTests.debug.xcconfig */ = {isa = PBXFileReference; includeInIndex = 1; lastKnownFileType = text.xcconfig; name = "Pods-WolfBeaconTests.debug.xcconfig"; path = "Pods/Target Support Files/Pods-WolfBeaconTests/Pods-WolfBeaconTests.debug.xcconfig"; sourceTree = "<group>"; };
		CD4637BC9C36431823F9D219 /* Pods-WolfBeacon.debug.xcconfig */ = {isa = PBXFileReference; includeInIndex = 1; lastKnownFileType = text.xcconfig; name = "Pods-WolfBeacon.debug.xcconfig"; path = "Pods/Target Support Files/Pods-WolfBeacon/Pods-WolfBeacon.debug.xcconfig"; sourceTree = "<group>"; };
		D1DDDF85171ABA238A9414B6 /* Pods_WolfBeaconTests.framework */ = {isa = PBXFileReference; explicitFileType = wrapper.framework; includeInIndex = 0; path = Pods_WolfBeaconTests.framework; sourceTree = BUILT_PRODUCTS_DIR; };
		DD627FEC84097044D40E49D2 /* Pods-WolfBeaconTests.release.xcconfig */ = {isa = PBXFileReference; includeInIndex = 1; lastKnownFileType = text.xcconfig; name = "Pods-WolfBeaconTests.release.xcconfig"; path = "Pods/Target Support Files/Pods-WolfBeaconTests/Pods-WolfBeaconTests.release.xcconfig"; sourceTree = "<group>"; };
		E4C16CC308D2D836D8256220 /* Pods_WolfBeacon.framework */ = {isa = PBXFileReference; explicitFileType = wrapper.framework; includeInIndex = 0; path = Pods_WolfBeacon.framework; sourceTree = BUILT_PRODUCTS_DIR; };
		F7E937785F11DD7585883729 /* Pods-WolfBeaconUITests.debug.xcconfig */ = {isa = PBXFileReference; includeInIndex = 1; lastKnownFileType = text.xcconfig; name = "Pods-WolfBeaconUITests.debug.xcconfig"; path = "Pods/Target Support Files/Pods-WolfBeaconUITests/Pods-WolfBeaconUITests.debug.xcconfig"; sourceTree = "<group>"; };
/* End PBXFileReference section */

/* Begin PBXFrameworksBuildPhase section */
		592014F91FEA81760015A92D /* Frameworks */ = {
			isa = PBXFrameworksBuildPhase;
			buildActionMask = 2147483647;
			files = (
				EF7F784656F970FD7DFCC4A3 /* Pods_WolfBeacon.framework in Frameworks */,
			);
			runOnlyForDeploymentPostprocessing = 0;
		};
		5920150D1FEA81760015A92D /* Frameworks */ = {
			isa = PBXFrameworksBuildPhase;
			buildActionMask = 2147483647;
			files = (
				06B3E2F72FFCE5FFCB4E7739 /* Pods_WolfBeaconTests.framework in Frameworks */,
			);
			runOnlyForDeploymentPostprocessing = 0;
		};
		592015181FEA81760015A92D /* Frameworks */ = {
			isa = PBXFrameworksBuildPhase;
			buildActionMask = 2147483647;
			files = (
				C535AF62DB311FC6F92D0D8B /* Pods_WolfBeaconUITests.framework in Frameworks */,
			);
			runOnlyForDeploymentPostprocessing = 0;
		};
/* End PBXFrameworksBuildPhase section */

/* Begin PBXGroup section */
		592014F31FEA81760015A92D = {
			isa = PBXGroup;
			children = (
				592014FE1FEA81760015A92D /* WolfBeacon */,
				592015131FEA81760015A92D /* WolfBeaconTests */,
				5920151E1FEA81760015A92D /* WolfBeaconUITests */,
				592014FD1FEA81760015A92D /* Products */,
				69D8856D179B11BCFFA04038 /* Pods */,
				B1D6F386862FEE5E07AA42EF /* Frameworks */,
			);
			sourceTree = "<group>";
		};
		592014FD1FEA81760015A92D /* Products */ = {
			isa = PBXGroup;
			children = (
				592014FC1FEA81760015A92D /* WolfBeacon.app */,
				592015101FEA81760015A92D /* WolfBeaconTests.xctest */,
				5920151B1FEA81760015A92D /* WolfBeaconUITests.xctest */,
			);
			name = Products;
			sourceTree = "<group>";
		};
		592014FE1FEA81760015A92D /* WolfBeacon */ = {
			isa = PBXGroup;
			children = (
				592014FF1FEA81760015A92D /* AppDelegate.swift */,
				592015011FEA81760015A92D /* ViewController.swift */,
				592015031FEA81760015A92D /* Main.storyboard */,
				592015061FEA81760015A92D /* Assets.xcassets */,
				592015081FEA81760015A92D /* LaunchScreen.storyboard */,
				5920150B1FEA81760015A92D /* Info.plist */,
			);
			path = WolfBeacon;
			sourceTree = "<group>";
		};
		592015131FEA81760015A92D /* WolfBeaconTests */ = {
			isa = PBXGroup;
			children = (
				592015141FEA81760015A92D /* WolfBeaconTests.swift */,
				592015161FEA81760015A92D /* Info.plist */,
			);
			path = WolfBeaconTests;
			sourceTree = "<group>";
		};
		5920151E1FEA81760015A92D /* WolfBeaconUITests */ = {
			isa = PBXGroup;
			children = (
				5920151F1FEA81760015A92D /* WolfBeaconUITests.swift */,
				592015211FEA81760015A92D /* Info.plist */,
			);
			path = WolfBeaconUITests;
			sourceTree = "<group>";
		};
		69D8856D179B11BCFFA04038 /* Pods */ = {
			isa = PBXGroup;
			children = (
				CD4637BC9C36431823F9D219 /* Pods-WolfBeacon.debug.xcconfig */,
				082C42A9C3E9550102D926C6 /* Pods-WolfBeacon.release.xcconfig */,
				97203B33C773841232211AD0 /* Pods-WolfBeaconTests.debug.xcconfig */,
				DD627FEC84097044D40E49D2 /* Pods-WolfBeaconTests.release.xcconfig */,
				F7E937785F11DD7585883729 /* Pods-WolfBeaconUITests.debug.xcconfig */,
				09E3E8DC0B8089DD08ADB88D /* Pods-WolfBeaconUITests.release.xcconfig */,
			);
			name = Pods;
			sourceTree = "<group>";
		};
		B1D6F386862FEE5E07AA42EF /* Frameworks */ = {
			isa = PBXGroup;
			children = (
				E4C16CC308D2D836D8256220 /* Pods_WolfBeacon.framework */,
				D1DDDF85171ABA238A9414B6 /* Pods_WolfBeaconTests.framework */,
				7B9FACF367D11A139C47ECCA /* Pods_WolfBeaconUITests.framework */,
			);
			name = Frameworks;
			sourceTree = "<group>";
		};
/* End PBXGroup section */

/* Begin PBXNativeTarget section */
		592014FB1FEA81760015A92D /* WolfBeacon */ = {
			isa = PBXNativeTarget;
			buildConfigurationList = 592015241FEA81760015A92D /* Build configuration list for PBXNativeTarget "WolfBeacon" */;
			buildPhases = (
				593B347CF4B5CCCCAEB58525 /* [CP] Check Pods Manifest.lock */,
				592014F81FEA81760015A92D /* Sources */,
				592014F91FEA81760015A92D /* Frameworks */,
				592014FA1FEA81760015A92D /* Resources */,
				C7D5AE3D227E5B0DBBD4AEA5 /* [CP] Embed Pods Frameworks */,
				A9EB017C2D80C5A6571FBCD6 /* [CP] Copy Pods Resources */,
			);
			buildRules = (
			);
			dependencies = (
			);
			name = WolfBeacon;
			productName = WolfBeacon;
			productReference = 592014FC1FEA81760015A92D /* WolfBeacon.app */;
			productType = "com.apple.product-type.application";
		};
		5920150F1FEA81760015A92D /* WolfBeaconTests */ = {
			isa = PBXNativeTarget;
			buildConfigurationList = 592015271FEA81760015A92D /* Build configuration list for PBXNativeTarget "WolfBeaconTests" */;
			buildPhases = (
				21EC0F6CFFB4C72240BF3D71 /* [CP] Check Pods Manifest.lock */,
				5920150C1FEA81760015A92D /* Sources */,
				5920150D1FEA81760015A92D /* Frameworks */,
				5920150E1FEA81760015A92D /* Resources */,
				BD14F9DE1E93DB14B1FEC781 /* [CP] Embed Pods Frameworks */,
				84EBB17A30CE111A60EB4D8B /* [CP] Copy Pods Resources */,
			);
			buildRules = (
			);
			dependencies = (
				592015121FEA81760015A92D /* PBXTargetDependency */,
			);
			name = WolfBeaconTests;
			productName = WolfBeaconTests;
			productReference = 592015101FEA81760015A92D /* WolfBeaconTests.xctest */;
			productType = "com.apple.product-type.bundle.unit-test";
		};
		5920151A1FEA81760015A92D /* WolfBeaconUITests */ = {
			isa = PBXNativeTarget;
			buildConfigurationList = 5920152A1FEA81760015A92D /* Build configuration list for PBXNativeTarget "WolfBeaconUITests" */;
			buildPhases = (
				7A31E1F04B7CF50E19627B1C /* [CP] Check Pods Manifest.lock */,
				592015171FEA81760015A92D /* Sources */,
				592015181FEA81760015A92D /* Frameworks */,
				592015191FEA81760015A92D /* Resources */,
				2ED12CC0DC8CE3BC57D5D5E5 /* [CP] Embed Pods Frameworks */,
				5BFEBF9C0A7451241A08150A /* [CP] Copy Pods Resources */,
			);
			buildRules = (
			);
			dependencies = (
				5920151D1FEA81760015A92D /* PBXTargetDependency */,
			);
			name = WolfBeaconUITests;
			productName = WolfBeaconUITests;
			productReference = 5920151B1FEA81760015A92D /* WolfBeaconUITests.xctest */;
			productType = "com.apple.product-type.bundle.ui-testing";
		};
/* End PBXNativeTarget section */

/* Begin PBXProject section */
		592014F41FEA81760015A92D /* Project object */ = {
			isa = PBXProject;
			attributes = {
				LastSwiftUpdateCheck = 0920;
				LastUpgradeCheck = 0920;
				ORGANIZATIONNAME = WolfBeacon;
				TargetAttributes = {
					592014FB1FEA81760015A92D = {
						CreatedOnToolsVersion = 9.2;
						ProvisioningStyle = Automatic;
					};
					5920150F1FEA81760015A92D = {
						CreatedOnToolsVersion = 9.2;
						ProvisioningStyle = Automatic;
						TestTargetID = 592014FB1FEA81760015A92D;
					};
					5920151A1FEA81760015A92D = {
						CreatedOnToolsVersion = 9.2;
						ProvisioningStyle = Automatic;
						TestTargetID = 592014FB1FEA81760015A92D;
					};
				};
			};
			buildConfigurationList = 592014F71FEA81760015A92D /* Build configuration list for PBXProject "WolfBeacon" */;
			compatibilityVersion = "Xcode 8.0";
			developmentRegion = en;
			hasScannedForEncodings = 0;
			knownRegions = (
				en,
				Base,
			);
			mainGroup = 592014F31FEA81760015A92D;
			productRefGroup = 592014FD1FEA81760015A92D /* Products */;
			projectDirPath = "";
			projectRoot = "";
			targets = (
				592014FB1FEA81760015A92D /* WolfBeacon */,
				5920150F1FEA81760015A92D /* WolfBeaconTests */,
				5920151A1FEA81760015A92D /* WolfBeaconUITests */,
			);
		};
/* End PBXProject section */

/* Begin PBXResourcesBuildPhase section */
		592014FA1FEA81760015A92D /* Resources */ = {
			isa = PBXResourcesBuildPhase;
			buildActionMask = 2147483647;
			files = (
				5920150A1FEA81760015A92D /* LaunchScreen.storyboard in Resources */,
				592015071FEA81760015A92D /* Assets.xcassets in Resources */,
				592015051FEA81760015A92D /* Main.storyboard in Resources */,
			);
			runOnlyForDeploymentPostprocessing = 0;
		};
		5920150E1FEA81760015A92D /* Resources */ = {
			isa = PBXResourcesBuildPhase;
			buildActionMask = 2147483647;
			files = (
			);
			runOnlyForDeploymentPostprocessing = 0;
		};
		592015191FEA81760015A92D /* Resources */ = {
			isa = PBXResourcesBuildPhase;
			buildActionMask = 2147483647;
			files = (
			);
			runOnlyForDeploymentPostprocessing = 0;
		};
/* End PBXResourcesBuildPhase section */

/* Begin PBXShellScriptBuildPhase section */
		21EC0F6CFFB4C72240BF3D71 /* [CP] Check Pods Manifest.lock */ = {
			isa = PBXShellScriptBuildPhase;
			buildActionMask = 2147483647;
			files = (
			);
			inputPaths = (
				"${PODS_PODFILE_DIR_PATH}/Podfile.lock",
				"${PODS_ROOT}/Manifest.lock",
			);
			name = "[CP] Check Pods Manifest.lock";
			outputPaths = (
				"$(DERIVED_FILE_DIR)/Pods-WolfBeaconTests-checkManifestLockResult.txt",
			);
			runOnlyForDeploymentPostprocessing = 0;
			shellPath = /bin/sh;
			shellScript = "diff \"${PODS_PODFILE_DIR_PATH}/Podfile.lock\" \"${PODS_ROOT}/Manifest.lock\" > /dev/null\nif [ $? != 0 ] ; then\n    # print error to STDERR\n    echo \"error: The sandbox is not in sync with the Podfile.lock. Run 'pod install' or update your CocoaPods installation.\" >&2\n    exit 1\nfi\n# This output is used by Xcode 'outputs' to avoid re-running this script phase.\necho \"SUCCESS\" > \"${SCRIPT_OUTPUT_FILE_0}\"\n";
			showEnvVarsInLog = 0;
		};
		2ED12CC0DC8CE3BC57D5D5E5 /* [CP] Embed Pods Frameworks */ = {
			isa = PBXShellScriptBuildPhase;
			buildActionMask = 2147483647;
			files = (
			);
			inputPaths = (
			);
			name = "[CP] Embed Pods Frameworks";
			outputPaths = (
			);
			runOnlyForDeploymentPostprocessing = 0;
			shellPath = /bin/sh;
			shellScript = "\"${SRCROOT}/Pods/Target Support Files/Pods-WolfBeaconUITests/Pods-WolfBeaconUITests-frameworks.sh\"\n";
			showEnvVarsInLog = 0;
		};
		593B347CF4B5CCCCAEB58525 /* [CP] Check Pods Manifest.lock */ = {
			isa = PBXShellScriptBuildPhase;
			buildActionMask = 2147483647;
			files = (
			);
			inputPaths = (
				"${PODS_PODFILE_DIR_PATH}/Podfile.lock",
				"${PODS_ROOT}/Manifest.lock",
			);
			name = "[CP] Check Pods Manifest.lock";
			outputPaths = (
				"$(DERIVED_FILE_DIR)/Pods-WolfBeacon-checkManifestLockResult.txt",
			);
			runOnlyForDeploymentPostprocessing = 0;
			shellPath = /bin/sh;
			shellScript = "diff \"${PODS_PODFILE_DIR_PATH}/Podfile.lock\" \"${PODS_ROOT}/Manifest.lock\" > /dev/null\nif [ $? != 0 ] ; then\n    # print error to STDERR\n    echo \"error: The sandbox is not in sync with the Podfile.lock. Run 'pod install' or update your CocoaPods installation.\" >&2\n    exit 1\nfi\n# This output is used by Xcode 'outputs' to avoid re-running this script phase.\necho \"SUCCESS\" > \"${SCRIPT_OUTPUT_FILE_0}\"\n";
			showEnvVarsInLog = 0;
		};
		5BFEBF9C0A7451241A08150A /* [CP] Copy Pods Resources */ = {
			isa = PBXShellScriptBuildPhase;
			buildActionMask = 2147483647;
			files = (
			);
			inputPaths = (
			);
			name = "[CP] Copy Pods Resources";
			outputPaths = (
			);
			runOnlyForDeploymentPostprocessing = 0;
			shellPath = /bin/sh;
			shellScript = "\"${SRCROOT}/Pods/Target Support Files/Pods-WolfBeaconUITests/Pods-WolfBeaconUITests-resources.sh\"\n";
			showEnvVarsInLog = 0;
		};
		7A31E1F04B7CF50E19627B1C /* [CP] Check Pods Manifest.lock */ = {
			isa = PBXShellScriptBuildPhase;
			buildActionMask = 2147483647;
			files = (
			);
			inputPaths = (
				"${PODS_PODFILE_DIR_PATH}/Podfile.lock",
				"${PODS_ROOT}/Manifest.lock",
			);
			name = "[CP] Check Pods Manifest.lock";
			outputPaths = (
				"$(DERIVED_FILE_DIR)/Pods-WolfBeaconUITests-checkManifestLockResult.txt",
			);
			runOnlyForDeploymentPostprocessing = 0;
			shellPath = /bin/sh;
			shellScript = "diff \"${PODS_PODFILE_DIR_PATH}/Podfile.lock\" \"${PODS_ROOT}/Manifest.lock\" > /dev/null\nif [ $? != 0 ] ; then\n    # print error to STDERR\n    echo \"error: The sandbox is not in sync with the Podfile.lock. Run 'pod install' or update your CocoaPods installation.\" >&2\n    exit 1\nfi\n# This output is used by Xcode 'outputs' to avoid re-running this script phase.\necho \"SUCCESS\" > \"${SCRIPT_OUTPUT_FILE_0}\"\n";
			showEnvVarsInLog = 0;
		};
		84EBB17A30CE111A60EB4D8B /* [CP] Copy Pods Resources */ = {
			isa = PBXShellScriptBuildPhase;
			buildActionMask = 2147483647;
			files = (
			);
			inputPaths = (
			);
			name = "[CP] Copy Pods Resources";
			outputPaths = (
			);
			runOnlyForDeploymentPostprocessing = 0;
			shellPath = /bin/sh;
			shellScript = "\"${SRCROOT}/Pods/Target Support Files/Pods-WolfBeaconTests/Pods-WolfBeaconTests-resources.sh\"\n";
			showEnvVarsInLog = 0;
		};
		A9EB017C2D80C5A6571FBCD6 /* [CP] Copy Pods Resources */ = {
			isa = PBXShellScriptBuildPhase;
			buildActionMask = 2147483647;
			files = (
			);
			inputPaths = (
			);
			name = "[CP] Copy Pods Resources";
			outputPaths = (
			);
			runOnlyForDeploymentPostprocessing = 0;
			shellPath = /bin/sh;
			shellScript = "\"${SRCROOT}/Pods/Target Support Files/Pods-WolfBeacon/Pods-WolfBeacon-resources.sh\"\n";
			showEnvVarsInLog = 0;
		};
		BD14F9DE1E93DB14B1FEC781 /* [CP] Embed Pods Frameworks */ = {
			isa = PBXShellScriptBuildPhase;
			buildActionMask = 2147483647;
			files = (
			);
			inputPaths = (
			);
			name = "[CP] Embed Pods Frameworks";
			outputPaths = (
			);
			runOnlyForDeploymentPostprocessing = 0;
			shellPath = /bin/sh;
			shellScript = "\"${SRCROOT}/Pods/Target Support Files/Pods-WolfBeaconTests/Pods-WolfBeaconTests-frameworks.sh\"\n";
			showEnvVarsInLog = 0;
		};
		C7D5AE3D227E5B0DBBD4AEA5 /* [CP] Embed Pods Frameworks */ = {
			isa = PBXShellScriptBuildPhase;
			buildActionMask = 2147483647;
			files = (
			);
			inputPaths = (
				"${SRCROOT}/Pods/Target Support Files/Pods-WolfBeacon/Pods-WolfBeacon-frameworks.sh",
				"${BUILT_PRODUCTS_DIR}/Auth0/Auth0.framework",
				"${BUILT_PRODUCTS_DIR}/SimpleKeychain/SimpleKeychain.framework",
			);
			name = "[CP] Embed Pods Frameworks";
			outputPaths = (
				"${TARGET_BUILD_DIR}/${FRAMEWORKS_FOLDER_PATH}/Auth0.framework",
				"${TARGET_BUILD_DIR}/${FRAMEWORKS_FOLDER_PATH}/SimpleKeychain.framework",
			);
			runOnlyForDeploymentPostprocessing = 0;
			shellPath = /bin/sh;
			shellScript = "\"${SRCROOT}/Pods/Target Support Files/Pods-WolfBeacon/Pods-WolfBeacon-frameworks.sh\"\n";
			showEnvVarsInLog = 0;
		};
/* End PBXShellScriptBuildPhase section */

/* Begin PBXSourcesBuildPhase section */
		592014F81FEA81760015A92D /* Sources */ = {
			isa = PBXSourcesBuildPhase;
			buildActionMask = 2147483647;
			files = (
				592015021FEA81760015A92D /* ViewController.swift in Sources */,
				592015001FEA81760015A92D /* AppDelegate.swift in Sources */,
			);
			runOnlyForDeploymentPostprocessing = 0;
		};
		5920150C1FEA81760015A92D /* Sources */ = {
			isa = PBXSourcesBuildPhase;
			buildActionMask = 2147483647;
			files = (
				592015151FEA81760015A92D /* WolfBeaconTests.swift in Sources */,
			);
			runOnlyForDeploymentPostprocessing = 0;
		};
		592015171FEA81760015A92D /* Sources */ = {
			isa = PBXSourcesBuildPhase;
			buildActionMask = 2147483647;
			files = (
				592015201FEA81760015A92D /* WolfBeaconUITests.swift in Sources */,
			);
			runOnlyForDeploymentPostprocessing = 0;
		};
/* End PBXSourcesBuildPhase section */

/* Begin PBXTargetDependency section */
		592015121FEA81760015A92D /* PBXTargetDependency */ = {
			isa = PBXTargetDependency;
			target = 592014FB1FEA81760015A92D /* WolfBeacon */;
			targetProxy = 592015111FEA81760015A92D /* PBXContainerItemProxy */;
		};
		5920151D1FEA81760015A92D /* PBXTargetDependency */ = {
			isa = PBXTargetDependency;
			target = 592014FB1FEA81760015A92D /* WolfBeacon */;
			targetProxy = 5920151C1FEA81760015A92D /* PBXContainerItemProxy */;
		};
/* End PBXTargetDependency section */

/* Begin PBXVariantGroup section */
		592015031FEA81760015A92D /* Main.storyboard */ = {
			isa = PBXVariantGroup;
			children = (
				592015041FEA81760015A92D /* Base */,
			);
			name = Main.storyboard;
			sourceTree = "<group>";
		};
		592015081FEA81760015A92D /* LaunchScreen.storyboard */ = {
			isa = PBXVariantGroup;
			children = (
				592015091FEA81760015A92D /* Base */,
			);
			name = LaunchScreen.storyboard;
			sourceTree = "<group>";
		};
/* End PBXVariantGroup section */

/* Begin XCBuildConfiguration section */
		592015221FEA81760015A92D /* Debug */ = {
			isa = XCBuildConfiguration;
			buildSettings = {
				ALWAYS_SEARCH_USER_PATHS = NO;
				CLANG_ANALYZER_NONNULL = YES;
				CLANG_ANALYZER_NUMBER_OBJECT_CONVERSION = YES_AGGRESSIVE;
				CLANG_CXX_LANGUAGE_STANDARD = "gnu++14";
				CLANG_CXX_LIBRARY = "libc++";
				CLANG_ENABLE_MODULES = YES;
				CLANG_ENABLE_OBJC_ARC = YES;
				CLANG_WARN_BLOCK_CAPTURE_AUTORELEASING = YES;
				CLANG_WARN_BOOL_CONVERSION = YES;
				CLANG_WARN_COMMA = YES;
				CLANG_WARN_CONSTANT_CONVERSION = YES;
				CLANG_WARN_DIRECT_OBJC_ISA_USAGE = YES_ERROR;
				CLANG_WARN_DOCUMENTATION_COMMENTS = YES;
				CLANG_WARN_EMPTY_BODY = YES;
				CLANG_WARN_ENUM_CONVERSION = YES;
				CLANG_WARN_INFINITE_RECURSION = YES;
				CLANG_WARN_INT_CONVERSION = YES;
				CLANG_WARN_NON_LITERAL_NULL_CONVERSION = YES;
				CLANG_WARN_OBJC_LITERAL_CONVERSION = YES;
				CLANG_WARN_OBJC_ROOT_CLASS = YES_ERROR;
				CLANG_WARN_RANGE_LOOP_ANALYSIS = YES;
				CLANG_WARN_STRICT_PROTOTYPES = YES;
				CLANG_WARN_SUSPICIOUS_MOVE = YES;
				CLANG_WARN_UNGUARDED_AVAILABILITY = YES_AGGRESSIVE;
				CLANG_WARN_UNREACHABLE_CODE = YES;
				CLANG_WARN__DUPLICATE_METHOD_MATCH = YES;
				CODE_SIGN_IDENTITY = "iPhone Developer";
				COPY_PHASE_STRIP = NO;
				DEBUG_INFORMATION_FORMAT = dwarf;
				ENABLE_STRICT_OBJC_MSGSEND = YES;
				ENABLE_TESTABILITY = YES;
				GCC_C_LANGUAGE_STANDARD = gnu11;
				GCC_DYNAMIC_NO_PIC = NO;
				GCC_NO_COMMON_BLOCKS = YES;
				GCC_OPTIMIZATION_LEVEL = 0;
				GCC_PREPROCESSOR_DEFINITIONS = (
					"DEBUG=1",
					"$(inherited)",
				);
				GCC_WARN_64_TO_32_BIT_CONVERSION = YES;
				GCC_WARN_ABOUT_RETURN_TYPE = YES_ERROR;
				GCC_WARN_UNDECLARED_SELECTOR = YES;
				GCC_WARN_UNINITIALIZED_AUTOS = YES_AGGRESSIVE;
				GCC_WARN_UNUSED_FUNCTION = YES;
				GCC_WARN_UNUSED_VARIABLE = YES;
				IPHONEOS_DEPLOYMENT_TARGET = 11.2;
				MTL_ENABLE_DEBUG_INFO = YES;
				ONLY_ACTIVE_ARCH = YES;
				SDKROOT = iphoneos;
				SWIFT_ACTIVE_COMPILATION_CONDITIONS = DEBUG;
				SWIFT_OPTIMIZATION_LEVEL = "-Onone";
			};
			name = Debug;
		};
		592015231FEA81760015A92D /* Release */ = {
			isa = XCBuildConfiguration;
			buildSettings = {
				ALWAYS_SEARCH_USER_PATHS = NO;
				CLANG_ANALYZER_NONNULL = YES;
				CLANG_ANALYZER_NUMBER_OBJECT_CONVERSION = YES_AGGRESSIVE;
				CLANG_CXX_LANGUAGE_STANDARD = "gnu++14";
				CLANG_CXX_LIBRARY = "libc++";
				CLANG_ENABLE_MODULES = YES;
				CLANG_ENABLE_OBJC_ARC = YES;
				CLANG_WARN_BLOCK_CAPTURE_AUTORELEASING = YES;
				CLANG_WARN_BOOL_CONVERSION = YES;
				CLANG_WARN_COMMA = YES;
				CLANG_WARN_CONSTANT_CONVERSION = YES;
				CLANG_WARN_DIRECT_OBJC_ISA_USAGE = YES_ERROR;
				CLANG_WARN_DOCUMENTATION_COMMENTS = YES;
				CLANG_WARN_EMPTY_BODY = YES;
				CLANG_WARN_ENUM_CONVERSION = YES;
				CLANG_WARN_INFINITE_RECURSION = YES;
				CLANG_WARN_INT_CONVERSION = YES;
				CLANG_WARN_NON_LITERAL_NULL_CONVERSION = YES;
				CLANG_WARN_OBJC_LITERAL_CONVERSION = YES;
				CLANG_WARN_OBJC_ROOT_CLASS = YES_ERROR;
				CLANG_WARN_RANGE_LOOP_ANALYSIS = YES;
				CLANG_WARN_STRICT_PROTOTYPES = YES;
				CLANG_WARN_SUSPICIOUS_MOVE = YES;
				CLANG_WARN_UNGUARDED_AVAILABILITY = YES_AGGRESSIVE;
				CLANG_WARN_UNREACHABLE_CODE = YES;
				CLANG_WARN__DUPLICATE_METHOD_MATCH = YES;
				CODE_SIGN_IDENTITY = "iPhone Developer";
				COPY_PHASE_STRIP = NO;
				DEBUG_INFORMATION_FORMAT = "dwarf-with-dsym";
				ENABLE_NS_ASSERTIONS = NO;
				ENABLE_STRICT_OBJC_MSGSEND = YES;
				GCC_C_LANGUAGE_STANDARD = gnu11;
				GCC_NO_COMMON_BLOCKS = YES;
				GCC_WARN_64_TO_32_BIT_CONVERSION = YES;
				GCC_WARN_ABOUT_RETURN_TYPE = YES_ERROR;
				GCC_WARN_UNDECLARED_SELECTOR = YES;
				GCC_WARN_UNINITIALIZED_AUTOS = YES_AGGRESSIVE;
				GCC_WARN_UNUSED_FUNCTION = YES;
				GCC_WARN_UNUSED_VARIABLE = YES;
				IPHONEOS_DEPLOYMENT_TARGET = 11.2;
				MTL_ENABLE_DEBUG_INFO = NO;
				SDKROOT = iphoneos;
				SWIFT_OPTIMIZATION_LEVEL = "-Owholemodule";
				VALIDATE_PRODUCT = YES;
			};
			name = Release;
		};
		592015251FEA81760015A92D /* Debug */ = {
			isa = XCBuildConfiguration;
			baseConfigurationReference = CD4637BC9C36431823F9D219 /* Pods-WolfBeacon.debug.xcconfig */;
			buildSettings = {
				ASSETCATALOG_COMPILER_APPICON_NAME = AppIcon;
				CODE_SIGN_STYLE = Automatic;
				DEVELOPMENT_TEAM = HN3SCP8A52;
				INFOPLIST_FILE = WolfBeacon/Info.plist;
				LD_RUNPATH_SEARCH_PATHS = "$(inherited) @executable_path/Frameworks";
				PRODUCT_BUNDLE_IDENTIFIER = com.wolfbeacon.WolfBeacon;
				PRODUCT_NAME = "$(TARGET_NAME)";
				SWIFT_VERSION = 4.0;
				TARGETED_DEVICE_FAMILY = "1,2";
			};
			name = Debug;
		};
		592015261FEA81760015A92D /* Release */ = {
			isa = XCBuildConfiguration;
			baseConfigurationReference = 082C42A9C3E9550102D926C6 /* Pods-WolfBeacon.release.xcconfig */;
			buildSettings = {
				ASSETCATALOG_COMPILER_APPICON_NAME = AppIcon;
				CODE_SIGN_STYLE = Automatic;
				DEVELOPMENT_TEAM = HN3SCP8A52;
				INFOPLIST_FILE = WolfBeacon/Info.plist;
				LD_RUNPATH_SEARCH_PATHS = "$(inherited) @executable_path/Frameworks";
				PRODUCT_BUNDLE_IDENTIFIER = com.wolfbeacon.WolfBeacon;
				PRODUCT_NAME = "$(TARGET_NAME)";
				SWIFT_VERSION = 4.0;
				TARGETED_DEVICE_FAMILY = "1,2";
			};
			name = Release;
		};
		592015281FEA81760015A92D /* Debug */ = {
			isa = XCBuildConfiguration;
			baseConfigurationReference = 97203B33C773841232211AD0 /* Pods-WolfBeaconTests.debug.xcconfig */;
			buildSettings = {
				ALWAYS_EMBED_SWIFT_STANDARD_LIBRARIES = YES;
				BUNDLE_LOADER = "$(TEST_HOST)";
				CODE_SIGN_STYLE = Automatic;
				DEVELOPMENT_TEAM = HN3SCP8A52;
				INFOPLIST_FILE = WolfBeaconTests/Info.plist;
				LD_RUNPATH_SEARCH_PATHS = "$(inherited) @executable_path/Frameworks @loader_path/Frameworks";
				PRODUCT_BUNDLE_IDENTIFIER = com.wolfbeacon.WolfBeaconTests;
				PRODUCT_NAME = "$(TARGET_NAME)";
				SWIFT_VERSION = 4.0;
				TARGETED_DEVICE_FAMILY = "1,2";
				TEST_HOST = "$(BUILT_PRODUCTS_DIR)/WolfBeacon.app/WolfBeacon";
			};
			name = Debug;
		};
		592015291FEA81760015A92D /* Release */ = {
			isa = XCBuildConfiguration;
			baseConfigurationReference = DD627FEC84097044D40E49D2 /* Pods-WolfBeaconTests.release.xcconfig */;
			buildSettings = {
				ALWAYS_EMBED_SWIFT_STANDARD_LIBRARIES = YES;
				BUNDLE_LOADER = "$(TEST_HOST)";
				CODE_SIGN_STYLE = Automatic;
				DEVELOPMENT_TEAM = HN3SCP8A52;
				INFOPLIST_FILE = WolfBeaconTests/Info.plist;
				LD_RUNPATH_SEARCH_PATHS = "$(inherited) @executable_path/Frameworks @loader_path/Frameworks";
				PRODUCT_BUNDLE_IDENTIFIER = com.wolfbeacon.WolfBeaconTests;
				PRODUCT_NAME = "$(TARGET_NAME)";
				SWIFT_VERSION = 4.0;
				TARGETED_DEVICE_FAMILY = "1,2";
				TEST_HOST = "$(BUILT_PRODUCTS_DIR)/WolfBeacon.app/WolfBeacon";
			};
			name = Release;
		};
		5920152B1FEA81760015A92D /* Debug */ = {
			isa = XCBuildConfiguration;
			baseConfigurationReference = F7E937785F11DD7585883729 /* Pods-WolfBeaconUITests.debug.xcconfig */;
			buildSettings = {
				ALWAYS_EMBED_SWIFT_STANDARD_LIBRARIES = YES;
				CODE_SIGN_STYLE = Automatic;
				DEVELOPMENT_TEAM = HN3SCP8A52;
				INFOPLIST_FILE = WolfBeaconUITests/Info.plist;
				LD_RUNPATH_SEARCH_PATHS = "$(inherited) @executable_path/Frameworks @loader_path/Frameworks";
				PRODUCT_BUNDLE_IDENTIFIER = com.wolfbeacon.WolfBeaconUITests;
				PRODUCT_NAME = "$(TARGET_NAME)";
				SWIFT_VERSION = 4.0;
				TARGETED_DEVICE_FAMILY = "1,2";
				TEST_TARGET_NAME = WolfBeacon;
			};
			name = Debug;
		};
		5920152C1FEA81760015A92D /* Release */ = {
			isa = XCBuildConfiguration;
			baseConfigurationReference = 09E3E8DC0B8089DD08ADB88D /* Pods-WolfBeaconUITests.release.xcconfig */;
			buildSettings = {
				ALWAYS_EMBED_SWIFT_STANDARD_LIBRARIES = YES;
				CODE_SIGN_STYLE = Automatic;
				DEVELOPMENT_TEAM = HN3SCP8A52;
				INFOPLIST_FILE = WolfBeaconUITests/Info.plist;
				LD_RUNPATH_SEARCH_PATHS = "$(inherited) @executable_path/Frameworks @loader_path/Frameworks";
				PRODUCT_BUNDLE_IDENTIFIER = com.wolfbeacon.WolfBeaconUITests;
				PRODUCT_NAME = "$(TARGET_NAME)";
				SWIFT_VERSION = 4.0;
				TARGETED_DEVICE_FAMILY = "1,2";
				TEST_TARGET_NAME = WolfBeacon;
			};
			name = Release;
		};
/* End XCBuildConfiguration section */

/* Begin XCConfigurationList section */
		592014F71FEA81760015A92D /* Build configuration list for PBXProject "WolfBeacon" */ = {
			isa = XCConfigurationList;
			buildConfigurations = (
				592015221FEA81760015A92D /* Debug */,
				592015231FEA81760015A92D /* Release */,
			);
			defaultConfigurationIsVisible = 0;
			defaultConfigurationName = Release;
		};
		592015241FEA81760015A92D /* Build configuration list for PBXNativeTarget "WolfBeacon" */ = {
			isa = XCConfigurationList;
			buildConfigurations = (
				592015251FEA81760015A92D /* Debug */,
				592015261FEA81760015A92D /* Release */,
			);
			defaultConfigurationIsVisible = 0;
			defaultConfigurationName = Release;
		};
		592015271FEA81760015A92D /* Build configuration list for PBXNativeTarget "WolfBeaconTests" */ = {
			isa = XCConfigurationList;
			buildConfigurations = (
				592015281FEA81760015A92D /* Debug */,
				592015291FEA81760015A92D /* Release */,
			);
			defaultConfigurationIsVisible = 0;
			defaultConfigurationName = Release;
		};
		5920152A1FEA81760015A92D /* Build configuration list for PBXNativeTarget "WolfBeaconUITests" */ = {
			isa = XCConfigurationList;
			buildConfigurations = (
				5920152B1FEA81760015A92D /* Debug */,
				5920152C1FEA81760015A92D /* Release */,
			);
			defaultConfigurationIsVisible = 0;
			defaultConfigurationName = Release;
		};
/* End XCConfigurationList section */
	};
	rootObject = 592014F41FEA81760015A92D /* Project object */;
}
