// !$*UTF8*$!
{
	archiveVersion = 1;
	classes = {
	};
	objectVersion = 46;
	objects = {

/* Begin PBXBuildFile section */
		5905B79C1CF1813E00B0D9B1 /* FontAwesome.otf in Resources */ = {isa = PBXBuildFile; fileRef = 5905B7981CF1813E00B0D9B1 /* FontAwesome.otf */; };
		5905B79D1CF1813E00B0D9B1 /* foundation-icons.ttf in Resources */ = {isa = PBXBuildFile; fileRef = 5905B7991CF1813E00B0D9B1 /* foundation-icons.ttf */; };
		5905B79E1CF1813E00B0D9B1 /* ionicons.ttf in Resources */ = {isa = PBXBuildFile; fileRef = 5905B79A1CF1813E00B0D9B1 /* ionicons.ttf */; };
		5905B79F1CF1813E00B0D9B1 /* zocial-regular-webfont.ttf in Resources */ = {isa = PBXBuildFile; fileRef = 5905B79B1CF1813E00B0D9B1 /* zocial-regular-webfont.ttf */; };
		591C57ED1CEE1FDE003C245E /* AppDelegate.swift in Sources */ = {isa = PBXBuildFile; fileRef = 591C57EC1CEE1FDE003C245E /* AppDelegate.swift */; };
		591C57F21CEE1FDE003C245E /* Main.storyboard in Resources */ = {isa = PBXBuildFile; fileRef = 591C57F01CEE1FDE003C245E /* Main.storyboard */; };
		591C57F51CEE1FDE003C245E /* Wolf_Beacon.xcdatamodeld in Sources */ = {isa = PBXBuildFile; fileRef = 591C57F31CEE1FDE003C245E /* Wolf_Beacon.xcdatamodeld */; };
		591C57F71CEE1FDE003C245E /* Assets.xcassets in Resources */ = {isa = PBXBuildFile; fileRef = 591C57F61CEE1FDE003C245E /* Assets.xcassets */; };
		591C57FA1CEE1FDE003C245E /* LaunchScreen.storyboard in Resources */ = {isa = PBXBuildFile; fileRef = 591C57F81CEE1FDE003C245E /* LaunchScreen.storyboard */; };
		591C58051CEE1FDE003C245E /* Wolf_BeaconTests.swift in Sources */ = {isa = PBXBuildFile; fileRef = 591C58041CEE1FDE003C245E /* Wolf_BeaconTests.swift */; };
		591C58101CEE1FDE003C245E /* Wolf_BeaconUITests.swift in Sources */ = {isa = PBXBuildFile; fileRef = 591C580F1CEE1FDE003C245E /* Wolf_BeaconUITests.swift */; };
		591C582E1CEE212E003C245E /* PrefixHeader.swift in Sources */ = {isa = PBXBuildFile; fileRef = 591C582D1CEE212E003C245E /* PrefixHeader.swift */; };
		591C58301CEE2145003C245E /* VectorImages.swift in Sources */ = {isa = PBXBuildFile; fileRef = 591C582F1CEE2145003C245E /* VectorImages.swift */; };
		591C58341CEE23D6003C245E /* HomeViewController.swift in Sources */ = {isa = PBXBuildFile; fileRef = 591C58331CEE23D6003C245E /* HomeViewController.swift */; };
		591C58371CEE23F7003C245E /* EventTableViewCell.swift in Sources */ = {isa = PBXBuildFile; fileRef = 591C58361CEE23F7003C245E /* EventTableViewCell.swift */; };
		591C58391CEE240B003C245E /* FeaturedCollectionViewCell.swift in Sources */ = {isa = PBXBuildFile; fileRef = 591C58381CEE240B003C245E /* FeaturedCollectionViewCell.swift */; };
		5931A0161D000F570027C203 /* mithackathon.jpg in Resources */ = {isa = PBXBuildFile; fileRef = 5931A0151D000F570027C203 /* mithackathon.jpg */; };
		5931A01B1D0010C10027C203 /* sponser1.jpg in Resources */ = {isa = PBXBuildFile; fileRef = 5931A0171D0010C10027C203 /* sponser1.jpg */; };
		5931A01C1D0010C10027C203 /* sponser2.png in Resources */ = {isa = PBXBuildFile; fileRef = 5931A0181D0010C10027C203 /* sponser2.png */; };
		5931A01D1D0010C10027C203 /* sponser3.png in Resources */ = {isa = PBXBuildFile; fileRef = 5931A0191D0010C10027C203 /* sponser3.png */; };
		5931A01E1D0010C10027C203 /* sponser4.jpg in Resources */ = {isa = PBXBuildFile; fileRef = 5931A01A1D0010C10027C203 /* sponser4.jpg */; };
		5969CD231CFD5B0F00F166EF /* hackathonbg.jpg in Resources */ = {isa = PBXBuildFile; fileRef = 5969CD211CFD5B0F00F166EF /* hackathonbg.jpg */; };
		5969CD291CFD5F0500F166EF /* logo0.png in Resources */ = {isa = PBXBuildFile; fileRef = 5969CD251CFD5F0500F166EF /* logo0.png */; };
		5969CD2A1CFD5F0500F166EF /* logo1.png in Resources */ = {isa = PBXBuildFile; fileRef = 5969CD261CFD5F0500F166EF /* logo1.png */; };
		5969CD2B1CFD5F0500F166EF /* logo2.png in Resources */ = {isa = PBXBuildFile; fileRef = 5969CD271CFD5F0500F166EF /* logo2.png */; };
		5969CD2C1CFD5F0500F166EF /* logo3.png in Resources */ = {isa = PBXBuildFile; fileRef = 5969CD281CFD5F0500F166EF /* logo3.png */; };
		5990AABF1CFE050D00DFAFF2 /* EventTableViewCell.xib in Resources */ = {isa = PBXBuildFile; fileRef = 5990AABE1CFE050D00DFAFF2 /* EventTableViewCell.xib */; };
		5990AAC11CFE09BF00DFAFF2 /* SettingsManaget.swift in Sources */ = {isa = PBXBuildFile; fileRef = 5990AAC01CFE09BF00DFAFF2 /* SettingsManaget.swift */; };
		5990AAC31CFE0B7600DFAFF2 /* FavoritesTableViewController.swift in Sources */ = {isa = PBXBuildFile; fileRef = 5990AAC21CFE0B7600DFAFF2 /* FavoritesTableViewController.swift */; };
		5990AAC51CFE0B9700DFAFF2 /* AllEventsTableViewController.swift in Sources */ = {isa = PBXBuildFile; fileRef = 5990AAC41CFE0B9700DFAFF2 /* AllEventsTableViewController.swift */; };
		5990AAC71CFE0BA800DFAFF2 /* MoreViewController.swift in Sources */ = {isa = PBXBuildFile; fileRef = 5990AAC61CFE0BA800DFAFF2 /* MoreViewController.swift */; };
		59C8A4781CF0858700987CCA /* BaseTableViewCell.swift in Sources */ = {isa = PBXBuildFile; fileRef = 59C8A4771CF0858700987CCA /* BaseTableViewCell.swift */; };
		59C8A47A1CF088C800987CCA /* DetailHeaderTableViewCell.swift in Sources */ = {isa = PBXBuildFile; fileRef = 59C8A4791CF088C800987CCA /* DetailHeaderTableViewCell.swift */; };
		59C8A4821CF0CEFE00987CCA /* DetailTableViewController.swift in Sources */ = {isa = PBXBuildFile; fileRef = 59C8A4811CF0CEFE00987CCA /* DetailTableViewController.swift */; };
		59EDAE4F1D00979100A6365C /* DetailHeaderTableViewCell.xib in Resources */ = {isa = PBXBuildFile; fileRef = 59EDAE4E1D00979100A6365C /* DetailHeaderTableViewCell.xib */; };
		59EDAE521D0097AB00A6365C /* DetailFacilitiesTableViewCell.swift in Sources */ = {isa = PBXBuildFile; fileRef = 59EDAE501D0097AB00A6365C /* DetailFacilitiesTableViewCell.swift */; };
		59EDAE531D0097AB00A6365C /* DetailFacilitiesTableViewCell.xib in Resources */ = {isa = PBXBuildFile; fileRef = 59EDAE511D0097AB00A6365C /* DetailFacilitiesTableViewCell.xib */; };
		59EDAE561D0097DB00A6365C /* DetailCollectionTableViewCell.swift in Sources */ = {isa = PBXBuildFile; fileRef = 59EDAE541D0097DB00A6365C /* DetailCollectionTableViewCell.swift */; };
		59EDAE571D0097DB00A6365C /* DetailCollectionTableViewCell.xib in Resources */ = {isa = PBXBuildFile; fileRef = 59EDAE551D0097DB00A6365C /* DetailCollectionTableViewCell.xib */; };
		59EDAE591D009ACF00A6365C /* DetailCollectionTableViewCell2.xib in Resources */ = {isa = PBXBuildFile; fileRef = 59EDAE581D009ACF00A6365C /* DetailCollectionTableViewCell2.xib */; };
		59EDAE5E1D00A70C00A6365C /* doctor.jpg in Resources */ = {isa = PBXBuildFile; fileRef = 59EDAE5A1D00A70C00A6365C /* doctor.jpg */; };
		59EDAE5F1D00A70C00A6365C /* gilfoyle.jpg in Resources */ = {isa = PBXBuildFile; fileRef = 59EDAE5B1D00A70C00A6365C /* gilfoyle.jpg */; };
		59EDAE601D00A70C00A6365C /* harvey.jpg in Resources */ = {isa = PBXBuildFile; fileRef = 59EDAE5C1D00A70C00A6365C /* harvey.jpg */; };
		59EDAE611D00A70C00A6365C /* moss.jpg in Resources */ = {isa = PBXBuildFile; fileRef = 59EDAE5D1D00A70C00A6365C /* moss.jpg */; };
		59EDAE651D00ABD400A6365C /* hackathon1.jpg in Resources */ = {isa = PBXBuildFile; fileRef = 59EDAE621D00ABD400A6365C /* hackathon1.jpg */; };
		59EDAE661D00ABD400A6365C /* hackathon2.jpg in Resources */ = {isa = PBXBuildFile; fileRef = 59EDAE631D00ABD400A6365C /* hackathon2.jpg */; };
		59EDAE691D00ACE000A6365C /* mitcampus.jpg in Resources */ = {isa = PBXBuildFile; fileRef = 59EDAE681D00ACE000A6365C /* mitcampus.jpg */; };
		882CFD390FA77FDDF14B0340 /* Pods_Wolf_Beacon.framework in Frameworks */ = {isa = PBXBuildFile; fileRef = A0FE0A130696965BD92C254C /* Pods_Wolf_Beacon.framework */; };
/* End PBXBuildFile section */

/* Begin PBXContainerItemProxy section */
		591C58011CEE1FDE003C245E /* PBXContainerItemProxy */ = {
			isa = PBXContainerItemProxy;
			containerPortal = 591C57E11CEE1FDE003C245E /* Project object */;
			proxyType = 1;
			remoteGlobalIDString = 591C57E81CEE1FDE003C245E;
			remoteInfo = "Wolf Beacon";
		};
		591C580C1CEE1FDE003C245E /* PBXContainerItemProxy */ = {
			isa = PBXContainerItemProxy;
			containerPortal = 591C57E11CEE1FDE003C245E /* Project object */;
			proxyType = 1;
			remoteGlobalIDString = 591C57E81CEE1FDE003C245E;
			remoteInfo = "Wolf Beacon";
		};
/* End PBXContainerItemProxy section */

/* Begin PBXFileReference section */
		5905B7981CF1813E00B0D9B1 /* FontAwesome.otf */ = {isa = PBXFileReference; lastKnownFileType = file; path = FontAwesome.otf; sourceTree = "<group>"; };
		5905B7991CF1813E00B0D9B1 /* foundation-icons.ttf */ = {isa = PBXFileReference; lastKnownFileType = file; path = "foundation-icons.ttf"; sourceTree = "<group>"; };
		5905B79A1CF1813E00B0D9B1 /* ionicons.ttf */ = {isa = PBXFileReference; lastKnownFileType = file; path = ionicons.ttf; sourceTree = "<group>"; };
		5905B79B1CF1813E00B0D9B1 /* zocial-regular-webfont.ttf */ = {isa = PBXFileReference; lastKnownFileType = file; path = "zocial-regular-webfont.ttf"; sourceTree = "<group>"; };
		591C57E91CEE1FDE003C245E /* Wolf Beacon.app */ = {isa = PBXFileReference; explicitFileType = wrapper.application; includeInIndex = 0; path = "Wolf Beacon.app"; sourceTree = BUILT_PRODUCTS_DIR; };
		591C57EC1CEE1FDE003C245E /* AppDelegate.swift */ = {isa = PBXFileReference; lastKnownFileType = sourcecode.swift; path = AppDelegate.swift; sourceTree = "<group>"; };
		591C57F11CEE1FDE003C245E /* Base */ = {isa = PBXFileReference; lastKnownFileType = file.storyboard; name = Base; path = Base.lproj/Main.storyboard; sourceTree = "<group>"; };
		591C57F41CEE1FDE003C245E /* Wolf_Beacon.xcdatamodel */ = {isa = PBXFileReference; lastKnownFileType = wrapper.xcdatamodel; path = Wolf_Beacon.xcdatamodel; sourceTree = "<group>"; };
		591C57F61CEE1FDE003C245E /* Assets.xcassets */ = {isa = PBXFileReference; lastKnownFileType = folder.assetcatalog; path = Assets.xcassets; sourceTree = "<group>"; };
		591C57F91CEE1FDE003C245E /* Base */ = {isa = PBXFileReference; lastKnownFileType = file.storyboard; name = Base; path = Base.lproj/LaunchScreen.storyboard; sourceTree = "<group>"; };
		591C57FB1CEE1FDE003C245E /* Info.plist */ = {isa = PBXFileReference; lastKnownFileType = text.plist.xml; path = Info.plist; sourceTree = "<group>"; };
		591C58001CEE1FDE003C245E /* Wolf BeaconTests.xctest */ = {isa = PBXFileReference; explicitFileType = wrapper.cfbundle; includeInIndex = 0; path = "Wolf BeaconTests.xctest"; sourceTree = BUILT_PRODUCTS_DIR; };
		591C58041CEE1FDE003C245E /* Wolf_BeaconTests.swift */ = {isa = PBXFileReference; lastKnownFileType = sourcecode.swift; path = Wolf_BeaconTests.swift; sourceTree = "<group>"; };
		591C58061CEE1FDE003C245E /* Info.plist */ = {isa = PBXFileReference; lastKnownFileType = text.plist.xml; path = Info.plist; sourceTree = "<group>"; };
		591C580B1CEE1FDE003C245E /* Wolf BeaconUITests.xctest */ = {isa = PBXFileReference; explicitFileType = wrapper.cfbundle; includeInIndex = 0; path = "Wolf BeaconUITests.xctest"; sourceTree = BUILT_PRODUCTS_DIR; };
		591C580F1CEE1FDE003C245E /* Wolf_BeaconUITests.swift */ = {isa = PBXFileReference; lastKnownFileType = sourcecode.swift; path = Wolf_BeaconUITests.swift; sourceTree = "<group>"; };
		591C58111CEE1FDE003C245E /* Info.plist */ = {isa = PBXFileReference; lastKnownFileType = text.plist.xml; path = Info.plist; sourceTree = "<group>"; };
		591C582D1CEE212E003C245E /* PrefixHeader.swift */ = {isa = PBXFileReference; fileEncoding = 4; lastKnownFileType = sourcecode.swift; name = PrefixHeader.swift; path = "Supporting Files/PrefixHeader.swift"; sourceTree = "<group>"; };
		591C582F1CEE2145003C245E /* VectorImages.swift */ = {isa = PBXFileReference; fileEncoding = 4; lastKnownFileType = sourcecode.swift; name = VectorImages.swift; path = "Supporting Files/VectorImages.swift"; sourceTree = "<group>"; };
		591C58331CEE23D6003C245E /* HomeViewController.swift */ = {isa = PBXFileReference; fileEncoding = 4; lastKnownFileType = sourcecode.swift; name = HomeViewController.swift; path = Controllers/HomeViewController.swift; sourceTree = "<group>"; };
		591C58361CEE23F7003C245E /* EventTableViewCell.swift */ = {isa = PBXFileReference; fileEncoding = 4; lastKnownFileType = sourcecode.swift; name = EventTableViewCell.swift; path = Views/Cells/EventTableViewCell.swift; sourceTree = "<group>"; };
		591C58381CEE240B003C245E /* FeaturedCollectionViewCell.swift */ = {isa = PBXFileReference; fileEncoding = 4; lastKnownFileType = sourcecode.swift; name = FeaturedCollectionViewCell.swift; path = Views/Cells/FeaturedCollectionViewCell.swift; sourceTree = "<group>"; };
		5931A0151D000F570027C203 /* mithackathon.jpg */ = {isa = PBXFileReference; lastKnownFileType = image.jpeg; name = mithackathon.jpg; path = Images/mithackathon.jpg; sourceTree = "<group>"; };
		5931A0171D0010C10027C203 /* sponser1.jpg */ = {isa = PBXFileReference; lastKnownFileType = image.jpeg; name = sponser1.jpg; path = Images/sponser1.jpg; sourceTree = "<group>"; };
		5931A0181D0010C10027C203 /* sponser2.png */ = {isa = PBXFileReference; lastKnownFileType = image.png; name = sponser2.png; path = Images/sponser2.png; sourceTree = "<group>"; };
		5931A0191D0010C10027C203 /* sponser3.png */ = {isa = PBXFileReference; lastKnownFileType = image.png; name = sponser3.png; path = Images/sponser3.png; sourceTree = "<group>"; };
		5931A01A1D0010C10027C203 /* sponser4.jpg */ = {isa = PBXFileReference; lastKnownFileType = image.jpeg; name = sponser4.jpg; path = Images/sponser4.jpg; sourceTree = "<group>"; };
		5969CD211CFD5B0F00F166EF /* hackathonbg.jpg */ = {isa = PBXFileReference; lastKnownFileType = image.jpeg; name = hackathonbg.jpg; path = Images/hackathonbg.jpg; sourceTree = "<group>"; };
		5969CD251CFD5F0500F166EF /* logo0.png */ = {isa = PBXFileReference; lastKnownFileType = image.png; name = logo0.png; path = Images/logo0.png; sourceTree = "<group>"; };
		5969CD261CFD5F0500F166EF /* logo1.png */ = {isa = PBXFileReference; lastKnownFileType = image.png; name = logo1.png; path = Images/logo1.png; sourceTree = "<group>"; };
		5969CD271CFD5F0500F166EF /* logo2.png */ = {isa = PBXFileReference; lastKnownFileType = image.png; name = logo2.png; path = Images/logo2.png; sourceTree = "<group>"; };
		5969CD281CFD5F0500F166EF /* logo3.png */ = {isa = PBXFileReference; lastKnownFileType = image.png; name = logo3.png; path = Images/logo3.png; sourceTree = "<group>"; };
		5990AABE1CFE050D00DFAFF2 /* EventTableViewCell.xib */ = {isa = PBXFileReference; fileEncoding = 4; lastKnownFileType = file.xib; name = EventTableViewCell.xib; path = Views/Cells/EventTableViewCell.xib; sourceTree = "<group>"; };
		5990AAC01CFE09BF00DFAFF2 /* SettingsManaget.swift */ = {isa = PBXFileReference; fileEncoding = 4; lastKnownFileType = sourcecode.swift; name = SettingsManaget.swift; path = Models/SettingsManaget.swift; sourceTree = "<group>"; };
		5990AAC21CFE0B7600DFAFF2 /* FavoritesTableViewController.swift */ = {isa = PBXFileReference; fileEncoding = 4; lastKnownFileType = sourcecode.swift; name = FavoritesTableViewController.swift; path = Controllers/FavoritesTableViewController.swift; sourceTree = "<group>"; };
		5990AAC41CFE0B9700DFAFF2 /* AllEventsTableViewController.swift */ = {isa = PBXFileReference; fileEncoding = 4; lastKnownFileType = sourcecode.swift; name = AllEventsTableViewController.swift; path = Controllers/AllEventsTableViewController.swift; sourceTree = "<group>"; };
		5990AAC61CFE0BA800DFAFF2 /* MoreViewController.swift */ = {isa = PBXFileReference; fileEncoding = 4; lastKnownFileType = sourcecode.swift; name = MoreViewController.swift; path = Controllers/MoreViewController.swift; sourceTree = "<group>"; };
		59C8A4771CF0858700987CCA /* BaseTableViewCell.swift */ = {isa = PBXFileReference; fileEncoding = 4; lastKnownFileType = sourcecode.swift; name = BaseTableViewCell.swift; path = Views/Cells/BaseTableViewCell.swift; sourceTree = "<group>"; };
		59C8A4791CF088C800987CCA /* DetailHeaderTableViewCell.swift */ = {isa = PBXFileReference; fileEncoding = 4; lastKnownFileType = sourcecode.swift; name = DetailHeaderTableViewCell.swift; path = Views/Cells/DetailHeaderTableViewCell.swift; sourceTree = "<group>"; };
		59C8A4811CF0CEFE00987CCA /* DetailTableViewController.swift */ = {isa = PBXFileReference; fileEncoding = 4; lastKnownFileType = sourcecode.swift; name = DetailTableViewController.swift; path = Controllers/DetailTableViewController.swift; sourceTree = "<group>"; };
		59EDAE4E1D00979100A6365C /* DetailHeaderTableViewCell.xib */ = {isa = PBXFileReference; fileEncoding = 4; lastKnownFileType = file.xib; name = DetailHeaderTableViewCell.xib; path = Views/Cells/DetailHeaderTableViewCell.xib; sourceTree = "<group>"; };
		59EDAE501D0097AB00A6365C /* DetailFacilitiesTableViewCell.swift */ = {isa = PBXFileReference; fileEncoding = 4; lastKnownFileType = sourcecode.swift; name = DetailFacilitiesTableViewCell.swift; path = Views/Cells/DetailFacilitiesTableViewCell.swift; sourceTree = "<group>"; };
		59EDAE511D0097AB00A6365C /* DetailFacilitiesTableViewCell.xib */ = {isa = PBXFileReference; fileEncoding = 4; lastKnownFileType = file.xib; name = DetailFacilitiesTableViewCell.xib; path = Views/Cells/DetailFacilitiesTableViewCell.xib; sourceTree = "<group>"; };
		59EDAE541D0097DB00A6365C /* DetailCollectionTableViewCell.swift */ = {isa = PBXFileReference; fileEncoding = 4; lastKnownFileType = sourcecode.swift; name = DetailCollectionTableViewCell.swift; path = Views/Cells/DetailCollectionTableViewCell.swift; sourceTree = "<group>"; };
		59EDAE551D0097DB00A6365C /* DetailCollectionTableViewCell.xib */ = {isa = PBXFileReference; fileEncoding = 4; lastKnownFileType = file.xib; name = DetailCollectionTableViewCell.xib; path = Views/Cells/DetailCollectionTableViewCell.xib; sourceTree = "<group>"; };
		59EDAE581D009ACF00A6365C /* DetailCollectionTableViewCell2.xib */ = {isa = PBXFileReference; fileEncoding = 4; lastKnownFileType = file.xib; name = DetailCollectionTableViewCell2.xib; path = Views/Cells/DetailCollectionTableViewCell2.xib; sourceTree = "<group>"; };
		59EDAE5A1D00A70C00A6365C /* doctor.jpg */ = {isa = PBXFileReference; lastKnownFileType = image.jpeg; name = doctor.jpg; path = Images/doctor.jpg; sourceTree = "<group>"; };
		59EDAE5B1D00A70C00A6365C /* gilfoyle.jpg */ = {isa = PBXFileReference; lastKnownFileType = image.jpeg; name = gilfoyle.jpg; path = Images/gilfoyle.jpg; sourceTree = "<group>"; };
		59EDAE5C1D00A70C00A6365C /* harvey.jpg */ = {isa = PBXFileReference; lastKnownFileType = image.jpeg; name = harvey.jpg; path = Images/harvey.jpg; sourceTree = "<group>"; };
		59EDAE5D1D00A70C00A6365C /* moss.jpg */ = {isa = PBXFileReference; lastKnownFileType = image.jpeg; name = moss.jpg; path = Images/moss.jpg; sourceTree = "<group>"; };
		59EDAE621D00ABD400A6365C /* hackathon1.jpg */ = {isa = PBXFileReference; lastKnownFileType = image.jpeg; name = hackathon1.jpg; path = Images/hackathon1.jpg; sourceTree = "<group>"; };
		59EDAE631D00ABD400A6365C /* hackathon2.jpg */ = {isa = PBXFileReference; lastKnownFileType = image.jpeg; name = hackathon2.jpg; path = Images/hackathon2.jpg; sourceTree = "<group>"; };
		59EDAE681D00ACE000A6365C /* mitcampus.jpg */ = {isa = PBXFileReference; lastKnownFileType = image.jpeg; name = mitcampus.jpg; path = Images/mitcampus.jpg; sourceTree = "<group>"; };
		A0FE0A130696965BD92C254C /* Pods_Wolf_Beacon.framework */ = {isa = PBXFileReference; explicitFileType = wrapper.framework; includeInIndex = 0; path = Pods_Wolf_Beacon.framework; sourceTree = BUILT_PRODUCTS_DIR; };
		B90774463C8BB8CEE1C61001 /* Pods-Wolf Beacon.release.xcconfig */ = {isa = PBXFileReference; includeInIndex = 1; lastKnownFileType = text.xcconfig; name = "Pods-Wolf Beacon.release.xcconfig"; path = "Pods/Target Support Files/Pods-Wolf Beacon/Pods-Wolf Beacon.release.xcconfig"; sourceTree = "<group>"; };
		E52656C40C93ABFA7C0DBF24 /* Pods-Wolf Beacon.debug.xcconfig */ = {isa = PBXFileReference; includeInIndex = 1; lastKnownFileType = text.xcconfig; name = "Pods-Wolf Beacon.debug.xcconfig"; path = "Pods/Target Support Files/Pods-Wolf Beacon/Pods-Wolf Beacon.debug.xcconfig"; sourceTree = "<group>"; };
/* End PBXFileReference section */

/* Begin PBXFrameworksBuildPhase section */
		591C57E61CEE1FDE003C245E /* Frameworks */ = {
			isa = PBXFrameworksBuildPhase;
			buildActionMask = 2147483647;
			files = (
				882CFD390FA77FDDF14B0340 /* Pods_Wolf_Beacon.framework in Frameworks */,
			);
			runOnlyForDeploymentPostprocessing = 0;
		};
		591C57FD1CEE1FDE003C245E /* Frameworks */ = {
			isa = PBXFrameworksBuildPhase;
			buildActionMask = 2147483647;
			files = (
			);
			runOnlyForDeploymentPostprocessing = 0;
		};
		591C58081CEE1FDE003C245E /* Frameworks */ = {
			isa = PBXFrameworksBuildPhase;
			buildActionMask = 2147483647;
			files = (
			);
			runOnlyForDeploymentPostprocessing = 0;
		};
/* End PBXFrameworksBuildPhase section */

/* Begin PBXGroup section */
		4148E7AD175A56E13860CBC2 /* Frameworks */ = {
			isa = PBXGroup;
			children = (
				A0FE0A130696965BD92C254C /* Pods_Wolf_Beacon.framework */,
			);
			name = Frameworks;
			sourceTree = "<group>";
		};
		5905B7971CF1813E00B0D9B1 /* Fonts */ = {
			isa = PBXGroup;
			children = (
				5905B7981CF1813E00B0D9B1 /* FontAwesome.otf */,
				5905B7991CF1813E00B0D9B1 /* foundation-icons.ttf */,
				5905B79A1CF1813E00B0D9B1 /* ionicons.ttf */,
				5905B79B1CF1813E00B0D9B1 /* zocial-regular-webfont.ttf */,
			);
			name = Fonts;
			path = "Supporting Files/Fonts";
			sourceTree = "<group>";
		};
		591C57E01CEE1FDE003C245E = {
			isa = PBXGroup;
			children = (
				591C57EB1CEE1FDE003C245E /* Wolf Beacon */,
				591C58031CEE1FDE003C245E /* Wolf BeaconTests */,
				591C580E1CEE1FDE003C245E /* Wolf BeaconUITests */,
				591C57EA1CEE1FDE003C245E /* Products */,
				97FDEB97B7C5A5847268E4C4 /* Pods */,
				4148E7AD175A56E13860CBC2 /* Frameworks */,
			);
			sourceTree = "<group>";
		};
		591C57EA1CEE1FDE003C245E /* Products */ = {
			isa = PBXGroup;
			children = (
				591C57E91CEE1FDE003C245E /* Wolf Beacon.app */,
				591C58001CEE1FDE003C245E /* Wolf BeaconTests.xctest */,
				591C580B1CEE1FDE003C245E /* Wolf BeaconUITests.xctest */,
			);
			name = Products;
			sourceTree = "<group>";
		};
		591C57EB1CEE1FDE003C245E /* Wolf Beacon */ = {
			isa = PBXGroup;
			children = (
				591C57F61CEE1FDE003C245E /* Assets.xcassets */,
				591C582B1CEE20FA003C245E /* App Delegate */,
				591C58221CEE20B9003C245E /* Models */,
				591C58211CEE20B7003C245E /* Views */,
				591C581D1CEE2004003C245E /* Controllers */,
				591C581E1CEE200F003C245E /* Supporting Files */,
				591C57FB1CEE1FDE003C245E /* Info.plist */,
			);
			path = "Wolf Beacon";
			sourceTree = "<group>";
		};
		591C58031CEE1FDE003C245E /* Wolf BeaconTests */ = {
			isa = PBXGroup;
			children = (
				591C58041CEE1FDE003C245E /* Wolf_BeaconTests.swift */,
				591C58061CEE1FDE003C245E /* Info.plist */,
			);
			path = "Wolf BeaconTests";
			sourceTree = "<group>";
		};
		591C580E1CEE1FDE003C245E /* Wolf BeaconUITests */ = {
			isa = PBXGroup;
			children = (
				591C580F1CEE1FDE003C245E /* Wolf_BeaconUITests.swift */,
				591C58111CEE1FDE003C245E /* Info.plist */,
			);
			path = "Wolf BeaconUITests";
			sourceTree = "<group>";
		};
		591C581D1CEE2004003C245E /* Controllers */ = {
			isa = PBXGroup;
			children = (
				591C58331CEE23D6003C245E /* HomeViewController.swift */,
				59C8A4811CF0CEFE00987CCA /* DetailTableViewController.swift */,
				5990AAC41CFE0B9700DFAFF2 /* AllEventsTableViewController.swift */,
				5990AAC21CFE0B7600DFAFF2 /* FavoritesTableViewController.swift */,
				5990AAC61CFE0BA800DFAFF2 /* MoreViewController.swift */,
			);
			name = Controllers;
			sourceTree = "<group>";
		};
		591C581E1CEE200F003C245E /* Supporting Files */ = {
			isa = PBXGroup;
			children = (
				5905B7971CF1813E00B0D9B1 /* Fonts */,
				591C582D1CEE212E003C245E /* PrefixHeader.swift */,
				591C58201CEE201D003C245E /* Images */,
				591C581F1CEE2016003C245E /* Utilities */,
			);
			name = "Supporting Files";
			sourceTree = "<group>";
		};
		591C581F1CEE2016003C245E /* Utilities */ = {
			isa = PBXGroup;
			children = (
				591C582F1CEE2145003C245E /* VectorImages.swift */,
			);
			name = Utilities;
			sourceTree = "<group>";
		};
		591C58201CEE201D003C245E /* Images */ = {
			isa = PBXGroup;
			children = (
				59EDAE681D00ACE000A6365C /* mitcampus.jpg */,
				5931A0151D000F570027C203 /* mithackathon.jpg */,
				5969CD211CFD5B0F00F166EF /* hackathonbg.jpg */,
				59EDAE621D00ABD400A6365C /* hackathon1.jpg */,
				59EDAE631D00ABD400A6365C /* hackathon2.jpg */,
				5969CD251CFD5F0500F166EF /* logo0.png */,
				5969CD261CFD5F0500F166EF /* logo1.png */,
				5969CD271CFD5F0500F166EF /* logo2.png */,
				5969CD281CFD5F0500F166EF /* logo3.png */,
				5931A0171D0010C10027C203 /* sponser1.jpg */,
				5931A0181D0010C10027C203 /* sponser2.png */,
				5931A0191D0010C10027C203 /* sponser3.png */,
				5931A01A1D0010C10027C203 /* sponser4.jpg */,
				59EDAE5A1D00A70C00A6365C /* doctor.jpg */,
				59EDAE5B1D00A70C00A6365C /* gilfoyle.jpg */,
				59EDAE5C1D00A70C00A6365C /* harvey.jpg */,
				59EDAE5D1D00A70C00A6365C /* moss.jpg */,
			);
			name = Images;
			sourceTree = "<group>";
		};
		591C58211CEE20B7003C245E /* Views */ = {
			isa = PBXGroup;
			children = (
				591C58351CEE23E2003C245E /* Cells */,
				591C582C1CEE210A003C245E /* Launch */,
				591C57F01CEE1FDE003C245E /* Main.storyboard */,
			);
			name = Views;
			sourceTree = "<group>";
		};
		591C58221CEE20B9003C245E /* Models */ = {
			isa = PBXGroup;
			children = (
				591C57F31CEE1FDE003C245E /* Wolf_Beacon.xcdatamodeld */,
				5990AAC01CFE09BF00DFAFF2 /* SettingsManaget.swift */,
			);
			name = Models;
			sourceTree = "<group>";
		};
		591C582B1CEE20FA003C245E /* App Delegate */ = {
			isa = PBXGroup;
			children = (
				591C57EC1CEE1FDE003C245E /* AppDelegate.swift */,
			);
			name = "App Delegate";
			sourceTree = "<group>";
		};
		591C582C1CEE210A003C245E /* Launch */ = {
			isa = PBXGroup;
			children = (
				591C57F81CEE1FDE003C245E /* LaunchScreen.storyboard */,
			);
			name = Launch;
			sourceTree = "<group>";
		};
		591C58351CEE23E2003C245E /* Cells */ = {
			isa = PBXGroup;
			children = (
				591C58361CEE23F7003C245E /* EventTableViewCell.swift */,
				5990AABE1CFE050D00DFAFF2 /* EventTableViewCell.xib */,
				591C58381CEE240B003C245E /* FeaturedCollectionViewCell.swift */,
				59C8A4771CF0858700987CCA /* BaseTableViewCell.swift */,
				59C8A4791CF088C800987CCA /* DetailHeaderTableViewCell.swift */,
				59EDAE4E1D00979100A6365C /* DetailHeaderTableViewCell.xib */,
				59EDAE501D0097AB00A6365C /* DetailFacilitiesTableViewCell.swift */,
				59EDAE511D0097AB00A6365C /* DetailFacilitiesTableViewCell.xib */,
				59EDAE541D0097DB00A6365C /* DetailCollectionTableViewCell.swift */,
				59EDAE551D0097DB00A6365C /* DetailCollectionTableViewCell.xib */,
				59EDAE581D009ACF00A6365C /* DetailCollectionTableViewCell2.xib */,
			);
			name = Cells;
			sourceTree = "<group>";
		};
		97FDEB97B7C5A5847268E4C4 /* Pods */ = {
			isa = PBXGroup;
			children = (
				E52656C40C93ABFA7C0DBF24 /* Pods-Wolf Beacon.debug.xcconfig */,
				B90774463C8BB8CEE1C61001 /* Pods-Wolf Beacon.release.xcconfig */,
			);
			name = Pods;
			sourceTree = "<group>";
		};
/* End PBXGroup section */

/* Begin PBXNativeTarget section */
		591C57E81CEE1FDE003C245E /* Wolf Beacon */ = {
			isa = PBXNativeTarget;
			buildConfigurationList = 591C58141CEE1FDE003C245E /* Build configuration list for PBXNativeTarget "Wolf Beacon" */;
			buildPhases = (
				183F3901FCF8B2A8210A6FA6 /* Check Pods Manifest.lock */,
				591C57E51CEE1FDE003C245E /* Sources */,
				591C57E61CEE1FDE003C245E /* Frameworks */,
				591C57E71CEE1FDE003C245E /* Resources */,
				54703E0C96F1DFC4AC57CA3A /* Embed Pods Frameworks */,
				34A3E5623ABF5FC1CD1D2792 /* Copy Pods Resources */,
			);
			buildRules = (
			);
			dependencies = (
			);
			name = "Wolf Beacon";
			productName = "Wolf Beacon";
			productReference = 591C57E91CEE1FDE003C245E /* Wolf Beacon.app */;
			productType = "com.apple.product-type.application";
		};
		591C57FF1CEE1FDE003C245E /* Wolf BeaconTests */ = {
			isa = PBXNativeTarget;
			buildConfigurationList = 591C58171CEE1FDE003C245E /* Build configuration list for PBXNativeTarget "Wolf BeaconTests" */;
			buildPhases = (
				591C57FC1CEE1FDE003C245E /* Sources */,
				591C57FD1CEE1FDE003C245E /* Frameworks */,
				591C57FE1CEE1FDE003C245E /* Resources */,
			);
			buildRules = (
			);
			dependencies = (
				591C58021CEE1FDE003C245E /* PBXTargetDependency */,
			);
			name = "Wolf BeaconTests";
			productName = "Wolf BeaconTests";
			productReference = 591C58001CEE1FDE003C245E /* Wolf BeaconTests.xctest */;
			productType = "com.apple.product-type.bundle.unit-test";
		};
		591C580A1CEE1FDE003C245E /* Wolf BeaconUITests */ = {
			isa = PBXNativeTarget;
			buildConfigurationList = 591C581A1CEE1FDE003C245E /* Build configuration list for PBXNativeTarget "Wolf BeaconUITests" */;
			buildPhases = (
				591C58071CEE1FDE003C245E /* Sources */,
				591C58081CEE1FDE003C245E /* Frameworks */,
				591C58091CEE1FDE003C245E /* Resources */,
			);
			buildRules = (
			);
			dependencies = (
				591C580D1CEE1FDE003C245E /* PBXTargetDependency */,
			);
			name = "Wolf BeaconUITests";
			productName = "Wolf BeaconUITests";
			productReference = 591C580B1CEE1FDE003C245E /* Wolf BeaconUITests.xctest */;
			productType = "com.apple.product-type.bundle.ui-testing";
		};
/* End PBXNativeTarget section */

/* Begin PBXProject section */
		591C57E11CEE1FDE003C245E /* Project object */ = {
			isa = PBXProject;
			attributes = {
				LastSwiftUpdateCheck = 0730;
				LastUpgradeCheck = 0730;
				ORGANIZATIONNAME = "Open Source Hacking";
				TargetAttributes = {
					591C57E81CEE1FDE003C245E = {
						CreatedOnToolsVersion = 7.3;
					};
					591C57FF1CEE1FDE003C245E = {
						CreatedOnToolsVersion = 7.3;
						TestTargetID = 591C57E81CEE1FDE003C245E;
					};
					591C580A1CEE1FDE003C245E = {
						CreatedOnToolsVersion = 7.3;
						TestTargetID = 591C57E81CEE1FDE003C245E;
					};
				};
			};
			buildConfigurationList = 591C57E41CEE1FDE003C245E /* Build configuration list for PBXProject "Wolf Beacon" */;
			compatibilityVersion = "Xcode 3.2";
			developmentRegion = English;
			hasScannedForEncodings = 0;
			knownRegions = (
				en,
				Base,
			);
			mainGroup = 591C57E01CEE1FDE003C245E;
			productRefGroup = 591C57EA1CEE1FDE003C245E /* Products */;
			projectDirPath = "";
			projectRoot = "";
			targets = (
				591C57E81CEE1FDE003C245E /* Wolf Beacon */,
				591C57FF1CEE1FDE003C245E /* Wolf BeaconTests */,
				591C580A1CEE1FDE003C245E /* Wolf BeaconUITests */,
			);
		};
/* End PBXProject section */

/* Begin PBXResourcesBuildPhase section */
		591C57E71CEE1FDE003C245E /* Resources */ = {
			isa = PBXResourcesBuildPhase;
			buildActionMask = 2147483647;
			files = (
				5931A01B1D0010C10027C203 /* sponser1.jpg in Resources */,
				591C57FA1CEE1FDE003C245E /* LaunchScreen.storyboard in Resources */,
				5931A01D1D0010C10027C203 /* sponser3.png in Resources */,
				5931A01E1D0010C10027C203 /* sponser4.jpg in Resources */,
				5969CD291CFD5F0500F166EF /* logo0.png in Resources */,
				5969CD2A1CFD5F0500F166EF /* logo1.png in Resources */,
				59EDAE5F1D00A70C00A6365C /* gilfoyle.jpg in Resources */,
				59EDAE601D00A70C00A6365C /* harvey.jpg in Resources */,
				5969CD2B1CFD5F0500F166EF /* logo2.png in Resources */,
				59EDAE5E1D00A70C00A6365C /* doctor.jpg in Resources */,
				5969CD2C1CFD5F0500F166EF /* logo3.png in Resources */,
				5905B79C1CF1813E00B0D9B1 /* FontAwesome.otf in Resources */,
				59EDAE651D00ABD400A6365C /* hackathon1.jpg in Resources */,
				59EDAE691D00ACE000A6365C /* mitcampus.jpg in Resources */,
				591C57F71CEE1FDE003C245E /* Assets.xcassets in Resources */,
				5905B79E1CF1813E00B0D9B1 /* ionicons.ttf in Resources */,
				5905B79D1CF1813E00B0D9B1 /* foundation-icons.ttf in Resources */,
				59EDAE661D00ABD400A6365C /* hackathon2.jpg in Resources */,
				59EDAE611D00A70C00A6365C /* moss.jpg in Resources */,
				5905B79F1CF1813E00B0D9B1 /* zocial-regular-webfont.ttf in Resources */,
				5931A01C1D0010C10027C203 /* sponser2.png in Resources */,
				59EDAE4F1D00979100A6365C /* DetailHeaderTableViewCell.xib in Resources */,
				59EDAE591D009ACF00A6365C /* DetailCollectionTableViewCell2.xib in Resources */,
				5931A0161D000F570027C203 /* mithackathon.jpg in Resources */,
				591C57F21CEE1FDE003C245E /* Main.storyboard in Resources */,
				5969CD231CFD5B0F00F166EF /* hackathonbg.jpg in Resources */,
				59EDAE571D0097DB00A6365C /* DetailCollectionTableViewCell.xib in Resources */,
				5990AABF1CFE050D00DFAFF2 /* EventTableViewCell.xib in Resources */,
				59EDAE531D0097AB00A6365C /* DetailFacilitiesTableViewCell.xib in Resources */,
			);
			runOnlyForDeploymentPostprocessing = 0;
		};
		591C57FE1CEE1FDE003C245E /* Resources */ = {
			isa = PBXResourcesBuildPhase;
			buildActionMask = 2147483647;
			files = (
			);
			runOnlyForDeploymentPostprocessing = 0;
		};
		591C58091CEE1FDE003C245E /* Resources */ = {
			isa = PBXResourcesBuildPhase;
			buildActionMask = 2147483647;
			files = (
			);
			runOnlyForDeploymentPostprocessing = 0;
		};
/* End PBXResourcesBuildPhase section */

/* Begin PBXShellScriptBuildPhase section */
		183F3901FCF8B2A8210A6FA6 /* Check Pods Manifest.lock */ = {
			isa = PBXShellScriptBuildPhase;
			buildActionMask = 2147483647;
			files = (
			);
			inputPaths = (
			);
			name = "Check Pods Manifest.lock";
			outputPaths = (
			);
			runOnlyForDeploymentPostprocessing = 0;
			shellPath = /bin/sh;
			shellScript = "diff \"${PODS_ROOT}/../Podfile.lock\" \"${PODS_ROOT}/Manifest.lock\" > /dev/null\nif [[ $? != 0 ]] ; then\n    cat << EOM\nerror: The sandbox is not in sync with the Podfile.lock. Run 'pod install' or update your CocoaPods installation.\nEOM\n    exit 1\nfi\n";
			showEnvVarsInLog = 0;
		};
		34A3E5623ABF5FC1CD1D2792 /* Copy Pods Resources */ = {
			isa = PBXShellScriptBuildPhase;
			buildActionMask = 2147483647;
			files = (
			);
			inputPaths = (
			);
			name = "Copy Pods Resources";
			outputPaths = (
			);
			runOnlyForDeploymentPostprocessing = 0;
			shellPath = /bin/sh;
			shellScript = "\"${SRCROOT}/Pods/Target Support Files/Pods-Wolf Beacon/Pods-Wolf Beacon-resources.sh\"\n";
			showEnvVarsInLog = 0;
		};
		54703E0C96F1DFC4AC57CA3A /* Embed Pods Frameworks */ = {
			isa = PBXShellScriptBuildPhase;
			buildActionMask = 2147483647;
			files = (
			);
			inputPaths = (
			);
			name = "Embed Pods Frameworks";
			outputPaths = (
			);
			runOnlyForDeploymentPostprocessing = 0;
			shellPath = /bin/sh;
			shellScript = "\"${SRCROOT}/Pods/Target Support Files/Pods-Wolf Beacon/Pods-Wolf Beacon-frameworks.sh\"\n";
			showEnvVarsInLog = 0;
		};
/* End PBXShellScriptBuildPhase section */

/* Begin PBXSourcesBuildPhase section */
		591C57E51CEE1FDE003C245E /* Sources */ = {
			isa = PBXSourcesBuildPhase;
			buildActionMask = 2147483647;
			files = (
				59EDAE561D0097DB00A6365C /* DetailCollectionTableViewCell.swift in Sources */,
				5990AAC11CFE09BF00DFAFF2 /* SettingsManaget.swift in Sources */,
				59C8A4821CF0CEFE00987CCA /* DetailTableViewController.swift in Sources */,
				59C8A4781CF0858700987CCA /* BaseTableViewCell.swift in Sources */,
				591C58371CEE23F7003C245E /* EventTableViewCell.swift in Sources */,
				5990AAC71CFE0BA800DFAFF2 /* MoreViewController.swift in Sources */,
				5990AAC31CFE0B7600DFAFF2 /* FavoritesTableViewController.swift in Sources */,
				591C58341CEE23D6003C245E /* HomeViewController.swift in Sources */,
				591C582E1CEE212E003C245E /* PrefixHeader.swift in Sources */,
				59EDAE521D0097AB00A6365C /* DetailFacilitiesTableViewCell.swift in Sources */,
				591C57F51CEE1FDE003C245E /* Wolf_Beacon.xcdatamodeld in Sources */,
				59C8A47A1CF088C800987CCA /* DetailHeaderTableViewCell.swift in Sources */,
				5990AAC51CFE0B9700DFAFF2 /* AllEventsTableViewController.swift in Sources */,
				591C58301CEE2145003C245E /* VectorImages.swift in Sources */,
				591C57ED1CEE1FDE003C245E /* AppDelegate.swift in Sources */,
				591C58391CEE240B003C245E /* FeaturedCollectionViewCell.swift in Sources */,
			);
			runOnlyForDeploymentPostprocessing = 0;
		};
		591C57FC1CEE1FDE003C245E /* Sources */ = {
			isa = PBXSourcesBuildPhase;
			buildActionMask = 2147483647;
			files = (
				591C58051CEE1FDE003C245E /* Wolf_BeaconTests.swift in Sources */,
			);
			runOnlyForDeploymentPostprocessing = 0;
		};
		591C58071CEE1FDE003C245E /* Sources */ = {
			isa = PBXSourcesBuildPhase;
			buildActionMask = 2147483647;
			files = (
				591C58101CEE1FDE003C245E /* Wolf_BeaconUITests.swift in Sources */,
			);
			runOnlyForDeploymentPostprocessing = 0;
		};
/* End PBXSourcesBuildPhase section */

/* Begin PBXTargetDependency section */
		591C58021CEE1FDE003C245E /* PBXTargetDependency */ = {
			isa = PBXTargetDependency;
			target = 591C57E81CEE1FDE003C245E /* Wolf Beacon */;
			targetProxy = 591C58011CEE1FDE003C245E /* PBXContainerItemProxy */;
		};
		591C580D1CEE1FDE003C245E /* PBXTargetDependency */ = {
			isa = PBXTargetDependency;
			target = 591C57E81CEE1FDE003C245E /* Wolf Beacon */;
			targetProxy = 591C580C1CEE1FDE003C245E /* PBXContainerItemProxy */;
		};
/* End PBXTargetDependency section */

/* Begin PBXVariantGroup section */
		591C57F01CEE1FDE003C245E /* Main.storyboard */ = {
			isa = PBXVariantGroup;
			children = (
				591C57F11CEE1FDE003C245E /* Base */,
			);
			name = Main.storyboard;
			sourceTree = "<group>";
		};
		591C57F81CEE1FDE003C245E /* LaunchScreen.storyboard */ = {
			isa = PBXVariantGroup;
			children = (
				591C57F91CEE1FDE003C245E /* Base */,
			);
			name = LaunchScreen.storyboard;
			sourceTree = "<group>";
		};
/* End PBXVariantGroup section */

/* Begin XCBuildConfiguration section */
		591C58121CEE1FDE003C245E /* Debug */ = {
			isa = XCBuildConfiguration;
			buildSettings = {
				ALWAYS_SEARCH_USER_PATHS = NO;
				CLANG_ANALYZER_NONNULL = YES;
				CLANG_CXX_LANGUAGE_STANDARD = "gnu++0x";
				CLANG_CXX_LIBRARY = "libc++";
				CLANG_ENABLE_MODULES = YES;
				CLANG_ENABLE_OBJC_ARC = YES;
				CLANG_WARN_BOOL_CONVERSION = YES;
				CLANG_WARN_CONSTANT_CONVERSION = YES;
				CLANG_WARN_DIRECT_OBJC_ISA_USAGE = YES_ERROR;
				CLANG_WARN_EMPTY_BODY = YES;
				CLANG_WARN_ENUM_CONVERSION = YES;
				CLANG_WARN_INT_CONVERSION = YES;
				CLANG_WARN_OBJC_ROOT_CLASS = YES_ERROR;
				CLANG_WARN_UNREACHABLE_CODE = YES;
				CLANG_WARN__DUPLICATE_METHOD_MATCH = YES;
				"CODE_SIGN_IDENTITY[sdk=iphoneos*]" = "iPhone Developer";
				COPY_PHASE_STRIP = NO;
				DEBUG_INFORMATION_FORMAT = dwarf;
				ENABLE_STRICT_OBJC_MSGSEND = YES;
				ENABLE_TESTABILITY = YES;
				GCC_C_LANGUAGE_STANDARD = gnu99;
				GCC_DYNAMIC_NO_PIC = NO;
				GCC_NO_COMMON_BLOCKS = YES;
				GCC_OPTIMIZATION_LEVEL = 0;
				GCC_PREPROCESSOR_DEFINITIONS = (
					"DEBUG=1",
					"$(inherited)",
				);
				GCC_WARN_64_TO_32_BIT_CONVERSION = YES;
				GCC_WARN_ABOUT_RETURN_TYPE = YES_ERROR;
				GCC_WARN_UNDECLARED_SELECTOR = YES;
				GCC_WARN_UNINITIALIZED_AUTOS = YES_AGGRESSIVE;
				GCC_WARN_UNUSED_FUNCTION = YES;
				GCC_WARN_UNUSED_VARIABLE = YES;
				IPHONEOS_DEPLOYMENT_TARGET = 9.3;
				MTL_ENABLE_DEBUG_INFO = YES;
				ONLY_ACTIVE_ARCH = YES;
				SDKROOT = iphoneos;
				SWIFT_OPTIMIZATION_LEVEL = "-Onone";
				TARGETED_DEVICE_FAMILY = "1,2";
			};
			name = Debug;
		};
		591C58131CEE1FDE003C245E /* Release */ = {
			isa = XCBuildConfiguration;
			buildSettings = {
				ALWAYS_SEARCH_USER_PATHS = NO;
				CLANG_ANALYZER_NONNULL = YES;
				CLANG_CXX_LANGUAGE_STANDARD = "gnu++0x";
				CLANG_CXX_LIBRARY = "libc++";
				CLANG_ENABLE_MODULES = YES;
				CLANG_ENABLE_OBJC_ARC = YES;
				CLANG_WARN_BOOL_CONVERSION = YES;
				CLANG_WARN_CONSTANT_CONVERSION = YES;
				CLANG_WARN_DIRECT_OBJC_ISA_USAGE = YES_ERROR;
				CLANG_WARN_EMPTY_BODY = YES;
				CLANG_WARN_ENUM_CONVERSION = YES;
				CLANG_WARN_INT_CONVERSION = YES;
				CLANG_WARN_OBJC_ROOT_CLASS = YES_ERROR;
				CLANG_WARN_UNREACHABLE_CODE = YES;
				CLANG_WARN__DUPLICATE_METHOD_MATCH = YES;
				"CODE_SIGN_IDENTITY[sdk=iphoneos*]" = "iPhone Developer";
				COPY_PHASE_STRIP = NO;
				DEBUG_INFORMATION_FORMAT = "dwarf-with-dsym";
				ENABLE_NS_ASSERTIONS = NO;
				ENABLE_STRICT_OBJC_MSGSEND = YES;
				GCC_C_LANGUAGE_STANDARD = gnu99;
				GCC_NO_COMMON_BLOCKS = YES;
				GCC_WARN_64_TO_32_BIT_CONVERSION = YES;
				GCC_WARN_ABOUT_RETURN_TYPE = YES_ERROR;
				GCC_WARN_UNDECLARED_SELECTOR = YES;
				GCC_WARN_UNINITIALIZED_AUTOS = YES_AGGRESSIVE;
				GCC_WARN_UNUSED_FUNCTION = YES;
				GCC_WARN_UNUSED_VARIABLE = YES;
				IPHONEOS_DEPLOYMENT_TARGET = 9.3;
				MTL_ENABLE_DEBUG_INFO = NO;
				SDKROOT = iphoneos;
				TARGETED_DEVICE_FAMILY = "1,2";
				VALIDATE_PRODUCT = YES;
			};
			name = Release;
		};
		591C58151CEE1FDE003C245E /* Debug */ = {
			isa = XCBuildConfiguration;
			baseConfigurationReference = E52656C40C93ABFA7C0DBF24 /* Pods-Wolf Beacon.debug.xcconfig */;
			buildSettings = {
				ASSETCATALOG_COMPILER_APPICON_NAME = AppIcon;
				INFOPLIST_FILE = "Wolf Beacon/Info.plist";
				IPHONEOS_DEPLOYMENT_TARGET = 9.0;
				LD_RUNPATH_SEARCH_PATHS = "$(inherited) @executable_path/Frameworks";
				PRODUCT_BUNDLE_IDENTIFIER = "com.osh.Wolf-Beacon";
				PRODUCT_NAME = "$(TARGET_NAME)";
			};
			name = Debug;
		};
		591C58161CEE1FDE003C245E /* Release */ = {
			isa = XCBuildConfiguration;
			baseConfigurationReference = B90774463C8BB8CEE1C61001 /* Pods-Wolf Beacon.release.xcconfig */;
			buildSettings = {
				ASSETCATALOG_COMPILER_APPICON_NAME = AppIcon;
				INFOPLIST_FILE = "Wolf Beacon/Info.plist";
				IPHONEOS_DEPLOYMENT_TARGET = 9.0;
				LD_RUNPATH_SEARCH_PATHS = "$(inherited) @executable_path/Frameworks";
				PRODUCT_BUNDLE_IDENTIFIER = "com.osh.Wolf-Beacon";
				PRODUCT_NAME = "$(TARGET_NAME)";
			};
			name = Release;
		};
		591C58181CEE1FDE003C245E /* Debug */ = {
			isa = XCBuildConfiguration;
			buildSettings = {
				BUNDLE_LOADER = "$(TEST_HOST)";
				INFOPLIST_FILE = "Wolf BeaconTests/Info.plist";
				LD_RUNPATH_SEARCH_PATHS = "$(inherited) @executable_path/Frameworks @loader_path/Frameworks";
				PRODUCT_BUNDLE_IDENTIFIER = "com.osh.Wolf-BeaconTests";
				PRODUCT_NAME = "$(TARGET_NAME)";
				TEST_HOST = "$(BUILT_PRODUCTS_DIR)/Wolf Beacon.app/Wolf Beacon";
			};
			name = Debug;
		};
		591C58191CEE1FDE003C245E /* Release */ = {
			isa = XCBuildConfiguration;
			buildSettings = {
				BUNDLE_LOADER = "$(TEST_HOST)";
				INFOPLIST_FILE = "Wolf BeaconTests/Info.plist";
				LD_RUNPATH_SEARCH_PATHS = "$(inherited) @executable_path/Frameworks @loader_path/Frameworks";
				PRODUCT_BUNDLE_IDENTIFIER = "com.osh.Wolf-BeaconTests";
				PRODUCT_NAME = "$(TARGET_NAME)";
				TEST_HOST = "$(BUILT_PRODUCTS_DIR)/Wolf Beacon.app/Wolf Beacon";
			};
			name = Release;
		};
		591C581B1CEE1FDE003C245E /* Debug */ = {
			isa = XCBuildConfiguration;
			buildSettings = {
				INFOPLIST_FILE = "Wolf BeaconUITests/Info.plist";
				LD_RUNPATH_SEARCH_PATHS = "$(inherited) @executable_path/Frameworks @loader_path/Frameworks";
				PRODUCT_BUNDLE_IDENTIFIER = "com.osh.Wolf-BeaconUITests";
				PRODUCT_NAME = "$(TARGET_NAME)";
				TEST_TARGET_NAME = "Wolf Beacon";
			};
			name = Debug;
		};
		591C581C1CEE1FDE003C245E /* Release */ = {
			isa = XCBuildConfiguration;
			buildSettings = {
				INFOPLIST_FILE = "Wolf BeaconUITests/Info.plist";
				LD_RUNPATH_SEARCH_PATHS = "$(inherited) @executable_path/Frameworks @loader_path/Frameworks";
				PRODUCT_BUNDLE_IDENTIFIER = "com.osh.Wolf-BeaconUITests";
				PRODUCT_NAME = "$(TARGET_NAME)";
				TEST_TARGET_NAME = "Wolf Beacon";
			};
			name = Release;
		};
/* End XCBuildConfiguration section */

/* Begin XCConfigurationList section */
		591C57E41CEE1FDE003C245E /* Build configuration list for PBXProject "Wolf Beacon" */ = {
			isa = XCConfigurationList;
			buildConfigurations = (
				591C58121CEE1FDE003C245E /* Debug */,
				591C58131CEE1FDE003C245E /* Release */,
			);
			defaultConfigurationIsVisible = 0;
			defaultConfigurationName = Release;
		};
		591C58141CEE1FDE003C245E /* Build configuration list for PBXNativeTarget "Wolf Beacon" */ = {
			isa = XCConfigurationList;
			buildConfigurations = (
				591C58151CEE1FDE003C245E /* Debug */,
				591C58161CEE1FDE003C245E /* Release */,
			);
			defaultConfigurationIsVisible = 0;
			defaultConfigurationName = Release;
		};
		591C58171CEE1FDE003C245E /* Build configuration list for PBXNativeTarget "Wolf BeaconTests" */ = {
			isa = XCConfigurationList;
			buildConfigurations = (
				591C58181CEE1FDE003C245E /* Debug */,
				591C58191CEE1FDE003C245E /* Release */,
			);
			defaultConfigurationIsVisible = 0;
			defaultConfigurationName = Release;
		};
		591C581A1CEE1FDE003C245E /* Build configuration list for PBXNativeTarget "Wolf BeaconUITests" */ = {
			isa = XCConfigurationList;
			buildConfigurations = (
				591C581B1CEE1FDE003C245E /* Debug */,
				591C581C1CEE1FDE003C245E /* Release */,
			);
			defaultConfigurationIsVisible = 0;
			defaultConfigurationName = Release;
		};
/* End XCConfigurationList section */

/* Begin XCVersionGroup section */
		591C57F31CEE1FDE003C245E /* Wolf_Beacon.xcdatamodeld */ = {
			isa = XCVersionGroup;
			children = (
				591C57F41CEE1FDE003C245E /* Wolf_Beacon.xcdatamodel */,
			);
			currentVersion = 591C57F41CEE1FDE003C245E /* Wolf_Beacon.xcdatamodel */;
			path = Wolf_Beacon.xcdatamodeld;
			sourceTree = "<group>";
			versionGroupType = wrapper.xcdatamodel;
		};
/* End XCVersionGroup section */
	};
	rootObject = 591C57E11CEE1FDE003C245E /* Project object */;
}
